// !$*UTF8*$!
{
	archiveVersion = 1;
	classes = {
	};
	objectVersion = 50;
	objects = {

/* Begin PBXBuildFile section */
		A85AE25626850D2000C4A043 /* AppDelegate.swift in Sources */ = {isa = PBXBuildFile; fileRef = A85AE25526850D2000C4A043 /* AppDelegate.swift */; };
		A85AE25826850D2000C4A043 /* SceneDelegate.swift in Sources */ = {isa = PBXBuildFile; fileRef = A85AE25726850D2000C4A043 /* SceneDelegate.swift */; };
		A85AE25A26850D2000C4A043 /* ViewController.swift in Sources */ = {isa = PBXBuildFile; fileRef = A85AE25926850D2000C4A043 /* ViewController.swift */; };
		A85AE25D26850D2000C4A043 /* Main.storyboard in Resources */ = {isa = PBXBuildFile; fileRef = A85AE25B26850D2000C4A043 /* Main.storyboard */; };
		A85AE25F26850D2100C4A043 /* Assets in Resources */ = {isa = PBXBuildFile; fileRef = A85AE25E26850D2100C4A043 /* Assets */; };
		A85AE26226850D2100C4A043 /* LaunchScreen.storyboard in Resources */ = {isa = PBXBuildFile; fileRef = A85AE26026850D2100C4A043 /* LaunchScreen.storyboard */; };
		A85AE26D26850D2200C4A043 /* project2Tests.swift in Sources */ = {isa = PBXBuildFile; fileRef = A85AE26C26850D2200C4A043 /* project2Tests.swift */; };
		A85AE27826850D2200C4A043 /* project2UITests.swift in Sources */ = {isa = PBXBuildFile; fileRef = A85AE27726850D2200C4A043 /* project2UITests.swift */; };
/* End PBXBuildFile section */

/* Begin PBXContainerItemProxy section */
		A85AE26926850D2100C4A043 /* PBXContainerItemProxy */ = {
			isa = PBXContainerItemProxy;
			containerPortal = A85AE24A26850D2000C4A043 /* Project object */;
			proxyType = 1;
			remoteGlobalIDString = A85AE25126850D2000C4A043;
			remoteInfo = project2;
		};
		A85AE27426850D2200C4A043 /* PBXContainerItemProxy */ = {
			isa = PBXContainerItemProxy;
			containerPortal = A85AE24A26850D2000C4A043 /* Project object */;
			proxyType = 1;
			remoteGlobalIDString = A85AE25126850D2000C4A043;
			remoteInfo = project2;
		};
/* End PBXContainerItemProxy section */

/* Begin PBXFileReference section */
		A85AE25226850D2000C4A043 /* project2.app */ = {isa = PBXFileReference; explicitFileType = wrapper.application; includeInIndex = 0; path = project2.app; sourceTree = BUILT_PRODUCTS_DIR; };
		A85AE25526850D2000C4A043 /* AppDelegate.swift */ = {isa = PBXFileReference; lastKnownFileType = sourcecode.swift; path = AppDelegate.swift; sourceTree = "<group>"; };
		A85AE25726850D2000C4A043 /* SceneDelegate.swift */ = {isa = PBXFileReference; lastKnownFileType = sourcecode.swift; path = SceneDelegate.swift; sourceTree = "<group>"; };
		A85AE25926850D2000C4A043 /* ViewController.swift */ = {isa = PBXFileReference; lastKnownFileType = sourcecode.swift; path = ViewController.swift; sourceTree = "<group>"; };
		A85AE25C26850D2000C4A043 /* Base */ = {isa = PBXFileReference; lastKnownFileType = file.storyboard; name = Base; path = Base.lproj/Main.storyboard; sourceTree = "<group>"; };
		A85AE25E26850D2100C4A043 /* Assets */ = {isa = PBXFileReference; lastKnownFileType = folder; path = Assets; sourceTree = "<group>"; };
		A85AE26126850D2100C4A043 /* Base */ = {isa = PBXFileReference; lastKnownFileType = file.storyboard; name = Base; path = Base.lproj/LaunchScreen.storyboard; sourceTree = "<group>"; };
		A85AE26326850D2100C4A043 /* Info.plist */ = {isa = PBXFileReference; lastKnownFileType = text.plist.xml; path = Info.plist; sourceTree = "<group>"; };
		A85AE26826850D2100C4A043 /* project2Tests.xctest */ = {isa = PBXFileReference; explicitFileType = wrapper.cfbundle; includeInIndex = 0; path = project2Tests.xctest; sourceTree = BUILT_PRODUCTS_DIR; };
		A85AE26C26850D2200C4A043 /* project2Tests.swift */ = {isa = PBXFileReference; lastKnownFileType = sourcecode.swift; path = project2Tests.swift; sourceTree = "<group>"; };
		A85AE26E26850D2200C4A043 /* Info.plist */ = {isa = PBXFileReference; lastKnownFileType = text.plist.xml; path = Info.plist; sourceTree = "<group>"; };
		A85AE27326850D2200C4A043 /* project2UITests.xctest */ = {isa = PBXFileReference; explicitFileType = wrapper.cfbundle; includeInIndex = 0; path = project2UITests.xctest; sourceTree = BUILT_PRODUCTS_DIR; };
		A85AE27726850D2200C4A043 /* project2UITests.swift */ = {isa = PBXFileReference; lastKnownFileType = sourcecode.swift; path = project2UITests.swift; sourceTree = "<group>"; };
		A85AE27926850D2200C4A043 /* Info.plist */ = {isa = PBXFileReference; lastKnownFileType = text.plist.xml; path = Info.plist; sourceTree = "<group>"; };
/* End PBXFileReference section */

/* Begin PBXFrameworksBuildPhase section */
		A85AE24F26850D2000C4A043 /* Frameworks */ = {
			isa = PBXFrameworksBuildPhase;
			buildActionMask = 2147483647;
			files = (
			);
			runOnlyForDeploymentPostprocessing = 0;
		};
		A85AE26526850D2100C4A043 /* Frameworks */ = {
			isa = PBXFrameworksBuildPhase;
			buildActionMask = 2147483647;
			files = (
			);
			runOnlyForDeploymentPostprocessing = 0;
		};
		A85AE27026850D2200C4A043 /* Frameworks */ = {
			isa = PBXFrameworksBuildPhase;
			buildActionMask = 2147483647;
			files = (
			);
			runOnlyForDeploymentPostprocessing = 0;
		};
/* End PBXFrameworksBuildPhase section */

/* Begin PBXGroup section */
		A85AE24926850D2000C4A043 = {
			isa = PBXGroup;
			children = (
				A85AE25426850D2000C4A043 /* project2 */,
				A85AE26B26850D2200C4A043 /* project2Tests */,
				A85AE27626850D2200C4A043 /* project2UITests */,
				A85AE25326850D2000C4A043 /* Products */,
			);
			sourceTree = "<group>";
		};
		A85AE25326850D2000C4A043 /* Products */ = {
			isa = PBXGroup;
			children = (
				A85AE25226850D2000C4A043 /* project2.app */,
				A85AE26826850D2100C4A043 /* project2Tests.xctest */,
				A85AE27326850D2200C4A043 /* project2UITests.xctest */,
			);
			name = Products;
			sourceTree = "<group>";
		};
		A85AE25426850D2000C4A043 /* project2 */ = {
			isa = PBXGroup;
			children = (
				A85AE25526850D2000C4A043 /* AppDelegate.swift */,
				A85AE25726850D2000C4A043 /* SceneDelegate.swift */,
				A85AE25926850D2000C4A043 /* ViewController.swift */,
				A85AE25B26850D2000C4A043 /* Main.storyboard */,
				A85AE25E26850D2100C4A043 /* Assets */,
				A85AE26026850D2100C4A043 /* LaunchScreen.storyboard */,
				A85AE26326850D2100C4A043 /* Info.plist */,
			);
			path = project2;
			sourceTree = "<group>";
		};
		A85AE26B26850D2200C4A043 /* project2Tests */ = {
			isa = PBXGroup;
			children = (
				A85AE26C26850D2200C4A043 /* project2Tests.swift */,
				A85AE26E26850D2200C4A043 /* Info.plist */,
			);
			path = project2Tests;
			sourceTree = "<group>";
		};
		A85AE27626850D2200C4A043 /* project2UITests */ = {
			isa = PBXGroup;
			children = (
				A85AE27726850D2200C4A043 /* project2UITests.swift */,
				A85AE27926850D2200C4A043 /* Info.plist */,
			);
			path = project2UITests;
			sourceTree = "<group>";
		};
/* End PBXGroup section */

/* Begin PBXNativeTarget section */
		A85AE25126850D2000C4A043 /* project2 */ = {
			isa = PBXNativeTarget;
			buildConfigurationList = A85AE27C26850D2200C4A043 /* Build configuration list for PBXNativeTarget "project2" */;
			buildPhases = (
				A85AE24E26850D2000C4A043 /* Sources */,
				A85AE24F26850D2000C4A043 /* Frameworks */,
				A85AE25026850D2000C4A043 /* Resources */,
			);
			buildRules = (
			);
			dependencies = (
			);
			name = project2;
			productName = project2;
			productReference = A85AE25226850D2000C4A043 /* project2.app */;
			productType = "com.apple.product-type.application";
		};
		A85AE26726850D2100C4A043 /* project2Tests */ = {
			isa = PBXNativeTarget;
			buildConfigurationList = A85AE27F26850D2200C4A043 /* Build configuration list for PBXNativeTarget "project2Tests" */;
			buildPhases = (
				A85AE26426850D2100C4A043 /* Sources */,
				A85AE26526850D2100C4A043 /* Frameworks */,
				A85AE26626850D2100C4A043 /* Resources */,
			);
			buildRules = (
			);
			dependencies = (
				A85AE26A26850D2100C4A043 /* PBXTargetDependency */,
			);
			name = project2Tests;
			productName = project2Tests;
			productReference = A85AE26826850D2100C4A043 /* project2Tests.xctest */;
			productType = "com.apple.product-type.bundle.unit-test";
		};
		A85AE27226850D2200C4A043 /* project2UITests */ = {
			isa = PBXNativeTarget;
			buildConfigurationList = A85AE28226850D2200C4A043 /* Build configuration list for PBXNativeTarget "project2UITests" */;
			buildPhases = (
				A85AE26F26850D2200C4A043 /* Sources */,
				A85AE27026850D2200C4A043 /* Frameworks */,
				A85AE27126850D2200C4A043 /* Resources */,
			);
			buildRules = (
			);
			dependencies = (
				A85AE27526850D2200C4A043 /* PBXTargetDependency */,
			);
			name = project2UITests;
			productName = project2UITests;
			productReference = A85AE27326850D2200C4A043 /* project2UITests.xctest */;
			productType = "com.apple.product-type.bundle.ui-testing";
		};
/* End PBXNativeTarget section */

/* Begin PBXProject section */
		A85AE24A26850D2000C4A043 /* Project object */ = {
			isa = PBXProject;
			attributes = {
				LastSwiftUpdateCheck = 1250;
				LastUpgradeCheck = 1250;
				TargetAttributes = {
					A85AE25126850D2000C4A043 = {
						CreatedOnToolsVersion = 12.5;
					};
					A85AE26726850D2100C4A043 = {
						CreatedOnToolsVersion = 12.5;
						TestTargetID = A85AE25126850D2000C4A043;
					};
					A85AE27226850D2200C4A043 = {
						CreatedOnToolsVersion = 12.5;
						TestTargetID = A85AE25126850D2000C4A043;
					};
				};
			};
			buildConfigurationList = A85AE24D26850D2000C4A043 /* Build configuration list for PBXProject "project2" */;
			compatibilityVersion = "Xcode 9.3";
			developmentRegion = en;
			hasScannedForEncodings = 0;
			knownRegions = (
				en,
				Base,
			);
			mainGroup = A85AE24926850D2000C4A043;
			productRefGroup = A85AE25326850D2000C4A043 /* Products */;
			projectDirPath = "";
			projectRoot = "";
			targets = (
				A85AE25126850D2000C4A043 /* project2 */,
				A85AE26726850D2100C4A043 /* project2Tests */,
				A85AE27226850D2200C4A043 /* project2UITests */,
			);
		};
/* End PBXProject section */

/* Begin PBXResourcesBuildPhase section */
		A85AE25026850D2000C4A043 /* Resources */ = {
			isa = PBXResourcesBuildPhase;
			buildActionMask = 2147483647;
			files = (
				A85AE26226850D2100C4A043 /* LaunchScreen.storyboard in Resources */,
				A85AE25F26850D2100C4A043 /* Assets in Resources */,
				A85AE25D26850D2000C4A043 /* Main.storyboard in Resources */,
			);
			runOnlyForDeploymentPostprocessing = 0;
		};
		A85AE26626850D2100C4A043 /* Resources */ = {
			isa = PBXResourcesBuildPhase;
			buildActionMask = 2147483647;
			files = (
			);
			runOnlyForDeploymentPostprocessing = 0;
		};
		A85AE27126850D2200C4A043 /* Resources */ = {
			isa = PBXResourcesBuildPhase;
			buildActionMask = 2147483647;
			files = (
			);
			runOnlyForDeploymentPostprocessing = 0;
		};
/* End PBXResourcesBuildPhase section */

/* Begin PBXSourcesBuildPhase section */
		A85AE24E26850D2000C4A043 /* Sources */ = {
			isa = PBXSourcesBuildPhase;
			buildActionMask = 2147483647;
			files = (
				A85AE25A26850D2000C4A043 /* ViewController.swift in Sources */,
				A85AE25626850D2000C4A043 /* AppDelegate.swift in Sources */,
				A85AE25826850D2000C4A043 /* SceneDelegate.swift in Sources */,
			);
			runOnlyForDeploymentPostprocessing = 0;
		};
		A85AE26426850D2100C4A043 /* Sources */ = {
			isa = PBXSourcesBuildPhase;
			buildActionMask = 2147483647;
			files = (
				A85AE26D26850D2200C4A043 /* project2Tests.swift in Sources */,
			);
			runOnlyForDeploymentPostprocessing = 0;
		};
		A85AE26F26850D2200C4A043 /* Sources */ = {
			isa = PBXSourcesBuildPhase;
			buildActionMask = 2147483647;
			files = (
				A85AE27826850D2200C4A043 /* project2UITests.swift in Sources */,
			);
			runOnlyForDeploymentPostprocessing = 0;
		};
/* End PBXSourcesBuildPhase section */

/* Begin PBXTargetDependency section */
		A85AE26A26850D2100C4A043 /* PBXTargetDependency */ = {
			isa = PBXTargetDependency;
			target = A85AE25126850D2000C4A043 /* project2 */;
			targetProxy = A85AE26926850D2100C4A043 /* PBXContainerItemProxy */;
		};
		A85AE27526850D2200C4A043 /* PBXTargetDependency */ = {
			isa = PBXTargetDependency;
			target = A85AE25126850D2000C4A043 /* project2 */;
			targetProxy = A85AE27426850D2200C4A043 /* PBXContainerItemProxy */;
		};
/* End PBXTargetDependency section */

/* Begin PBXVariantGroup section */
		A85AE25B26850D2000C4A043 /* Main.storyboard */ = {
			isa = PBXVariantGroup;
			children = (
				A85AE25C26850D2000C4A043 /* Base */,
			);
			name = Main.storyboard;
			sourceTree = "<group>";
		};
		A85AE26026850D2100C4A043 /* LaunchScreen.storyboard */ = {
			isa = PBXVariantGroup;
			children = (
				A85AE26126850D2100C4A043 /* Base */,
			);
			name = LaunchScreen.storyboard;
			sourceTree = "<group>";
		};
/* End PBXVariantGroup section */

/* Begin XCBuildConfiguration section */
		A85AE27A26850D2200C4A043 /* Debug */ = {
			isa = XCBuildConfiguration;
			buildSettings = {
				ALWAYS_SEARCH_USER_PATHS = NO;
				CLANG_ANALYZER_NONNULL = YES;
				CLANG_ANALYZER_NUMBER_OBJECT_CONVERSION = YES_AGGRESSIVE;
				CLANG_CXX_LANGUAGE_STANDARD = "gnu++14";
				CLANG_CXX_LIBRARY = "libc++";
				CLANG_ENABLE_MODULES = YES;
				CLANG_ENABLE_OBJC_ARC = YES;
				CLANG_ENABLE_OBJC_WEAK = YES;
				CLANG_WARN_BLOCK_CAPTURE_AUTORELEASING = YES;
				CLANG_WARN_BOOL_CONVERSION = YES;
				CLANG_WARN_COMMA = YES;
				CLANG_WARN_CONSTANT_CONVERSION = YES;
				CLANG_WARN_DEPRECATED_OBJC_IMPLEMENTATIONS = YES;
				CLANG_WARN_DIRECT_OBJC_ISA_USAGE = YES_ERROR;
				CLANG_WARN_DOCUMENTATION_COMMENTS = YES;
				CLANG_WARN_EMPTY_BODY = YES;
				CLANG_WARN_ENUM_CONVERSION = YES;
				CLANG_WARN_INFINITE_RECURSION = YES;
				CLANG_WARN_INT_CONVERSION = YES;
				CLANG_WARN_NON_LITERAL_NULL_CONVERSION = YES;
				CLANG_WARN_OBJC_IMPLICIT_RETAIN_SELF = YES;
				CLANG_WARN_OBJC_LITERAL_CONVERSION = YES;
				CLANG_WARN_OBJC_ROOT_CLASS = YES_ERROR;
				CLANG_WARN_QUOTED_INCLUDE_IN_FRAMEWORK_HEADER = YES;
				CLANG_WARN_RANGE_LOOP_ANALYSIS = YES;
				CLANG_WARN_STRICT_PROTOTYPES = YES;
				CLANG_WARN_SUSPICIOUS_MOVE = YES;
				CLANG_WARN_UNGUARDED_AVAILABILITY = YES_AGGRESSIVE;
				CLANG_WARN_UNREACHABLE_CODE = YES;
				CLANG_WARN__DUPLICATE_METHOD_MATCH = YES;
				COPY_PHASE_STRIP = NO;
				DEBUG_INFORMATION_FORMAT = dwarf;
				ENABLE_STRICT_OBJC_MSGSEND = YES;
				ENABLE_TESTABILITY = YES;
				GCC_C_LANGUAGE_STANDARD = gnu11;
				GCC_DYNAMIC_NO_PIC = NO;
				GCC_NO_COMMON_BLOCKS = YES;
				GCC_OPTIMIZATION_LEVEL = 0;
				GCC_PREPROCESSOR_DEFINITIONS = (
					"DEBUG=1",
					"$(inherited)",
				);
				GCC_WARN_64_TO_32_BIT_CONVERSION = YES;
				GCC_WARN_ABOUT_RETURN_TYPE = YES_ERROR;
				GCC_WARN_UNDECLARED_SELECTOR = YES;
				GCC_WARN_UNINITIALIZED_AUTOS = YES_AGGRESSIVE;
				GCC_WARN_UNUSED_FUNCTION = YES;
				GCC_WARN_UNUSED_VARIABLE = YES;
				IPHONEOS_DEPLOYMENT_TARGET = 14.5;
				MTL_ENABLE_DEBUG_INFO = INCLUDE_SOURCE;
				MTL_FAST_MATH = YES;
				ONLY_ACTIVE_ARCH = YES;
				SDKROOT = iphoneos;
				SWIFT_ACTIVE_COMPILATION_CONDITIONS = DEBUG;
				SWIFT_OPTIMIZATION_LEVEL = "-Onone";
			};
			name = Debug;
		};
		A85AE27B26850D2200C4A043 /* Release */ = {
			isa = XCBuildConfiguration;
			buildSettings = {
				ALWAYS_SEARCH_USER_PATHS = NO;
				CLANG_ANALYZER_NONNULL = YES;
				CLANG_ANALYZER_NUMBER_OBJECT_CONVERSION = YES_AGGRESSIVE;
				CLANG_CXX_LANGUAGE_STANDARD = "gnu++14";
				CLANG_CXX_LIBRARY = "libc++";
				CLANG_ENABLE_MODULES = YES;
				CLANG_ENABLE_OBJC_ARC = YES;
				CLANG_ENABLE_OBJC_WEAK = YES;
				CLANG_WARN_BLOCK_CAPTURE_AUTORELEASING = YES;
				CLANG_WARN_BOOL_CONVERSION = YES;
				CLANG_WARN_COMMA = YES;
				CLANG_WARN_CONSTANT_CONVERSION = YES;
				CLANG_WARN_DEPRECATED_OBJC_IMPLEMENTATIONS = YES;
				CLANG_WARN_DIRECT_OBJC_ISA_USAGE = YES_ERROR;
				CLANG_WARN_DOCUMENTATION_COMMENTS = YES;
				CLANG_WARN_EMPTY_BODY = YES;
				CLANG_WARN_ENUM_CONVERSION = YES;
				CLANG_WARN_INFINITE_RECURSION = YES;
				CLANG_WARN_INT_CONVERSION = YES;
				CLANG_WARN_NON_LITERAL_NULL_CONVERSION = YES;
				CLANG_WARN_OBJC_IMPLICIT_RETAIN_SELF = YES;
				CLANG_WARN_OBJC_LITERAL_CONVERSION = YES;
				CLANG_WARN_OBJC_ROOT_CLASS = YES_ERROR;
				CLANG_WARN_QUOTED_INCLUDE_IN_FRAMEWORK_HEADER = YES;
				CLANG_WARN_RANGE_LOOP_ANALYSIS = YES;
				CLANG_WARN_STRICT_PROTOTYPES = YES;
				CLANG_WARN_SUSPICIOUS_MOVE = YES;
				CLANG_WARN_UNGUARDED_AVAILABILITY = YES_AGGRESSIVE;
				CLANG_WARN_UNREACHABLE_CODE = YES;
				CLANG_WARN__DUPLICATE_METHOD_MATCH = YES;
				COPY_PHASE_STRIP = NO;
				DEBUG_INFORMATION_FORMAT = "dwarf-with-dsym";
				ENABLE_NS_ASSERTIONS = NO;
				ENABLE_STRICT_OBJC_MSGSEND = YES;
				GCC_C_LANGUAGE_STANDARD = gnu11;
				GCC_NO_COMMON_BLOCKS = YES;
				GCC_WARN_64_TO_32_BIT_CONVERSION = YES;
				GCC_WARN_ABOUT_RETURN_TYPE = YES_ERROR;
				GCC_WARN_UNDECLARED_SELECTOR = YES;
				GCC_WARN_UNINITIALIZED_AUTOS = YES_AGGRESSIVE;
				GCC_WARN_UNUSED_FUNCTION = YES;
				GCC_WARN_UNUSED_VARIABLE = YES;
				IPHONEOS_DEPLOYMENT_TARGET = 14.5;
				MTL_ENABLE_DEBUG_INFO = NO;
				MTL_FAST_MATH = YES;
				SDKROOT = iphoneos;
				SWIFT_COMPILATION_MODE = wholemodule;
				SWIFT_OPTIMIZATION_LEVEL = "-O";
				VALIDATE_PRODUCT = YES;
			};
			name = Release;
		};
		A85AE27D26850D2200C4A043 /* Debug */ = {
			isa = XCBuildConfiguration;
			buildSettings = {
				ASSETCATALOG_COMPILER_APPICON_NAME = AppIcon;
				ASSETCATALOG_COMPILER_GLOBAL_ACCENT_COLOR_NAME = AccentColor;
				CODE_SIGN_STYLE = Automatic;
				INFOPLIST_FILE = project2/Info.plist;
				LD_RUNPATH_SEARCH_PATHS = (
					"$(inherited)",
					"@executable_path/Frameworks",
				);
				PRODUCT_BUNDLE_IDENTIFIER = lcruzh.project2;
				PRODUCT_NAME = "$(TARGET_NAME)";
				SWIFT_VERSION = 5.0;
				TARGETED_DEVICE_FAMILY = "1,2";
			};
			name = Debug;
		};
		A85AE27E26850D2200C4A043 /* Release */ = {
			isa = XCBuildConfiguration;
			buildSettings = {
				ASSETCATALOG_COMPILER_APPICON_NAME = AppIcon;
				ASSETCATALOG_COMPILER_GLOBAL_ACCENT_COLOR_NAME = AccentColor;
				CODE_SIGN_STYLE = Automatic;
				INFOPLIST_FILE = project2/Info.plist;
				LD_RUNPATH_SEARCH_PATHS = (
					"$(inherited)",
					"@executable_path/Frameworks",
				);
				PRODUCT_BUNDLE_IDENTIFIER = lcruzh.project2;
				PRODUCT_NAME = "$(TARGET_NAME)";
				SWIFT_VERSION = 5.0;
				TARGETED_DEVICE_FAMILY = "1,2";
			};
			name = Release;
		};
		A85AE28026850D2200C4A043 /* Debug */ = {
			isa = XCBuildConfiguration;
			buildSettings = {
				ALWAYS_EMBED_SWIFT_STANDARD_LIBRARIES = YES;
				BUNDLE_LOADER = "$(TEST_HOST)";
				CODE_SIGN_STYLE = Automatic;
				INFOPLIST_FILE = project2Tests/Info.plist;
				IPHONEOS_DEPLOYMENT_TARGET = 14.5;
				LD_RUNPATH_SEARCH_PATHS = (
					"$(inherited)",
					"@executable_path/Frameworks",
					"@loader_path/Frameworks",
				);
				PRODUCT_BUNDLE_IDENTIFIER = lcruzh.project2Tests;
				PRODUCT_NAME = "$(TARGET_NAME)";
				SWIFT_VERSION = 5.0;
				TARGETED_DEVICE_FAMILY = "1,2";
				TEST_HOST = "$(BUILT_PRODUCTS_DIR)/project2.app/project2";
			};
			name = Debug;
		};
		A85AE28126850D2200C4A043 /* Release */ = {
			isa = XCBuildConfiguration;
			buildSettings = {
				ALWAYS_EMBED_SWIFT_STANDARD_LIBRARIES = YES;
				BUNDLE_LOADER = "$(TEST_HOST)";
				CODE_SIGN_STYLE = Automatic;
				INFOPLIST_FILE = project2Tests/Info.plist;
				IPHONEOS_DEPLOYMENT_TARGET = 14.5;
				LD_RUNPATH_SEARCH_PATHS = (
					"$(inherited)",
					"@executable_path/Frameworks",
					"@loader_path/Frameworks",
				);
				PRODUCT_BUNDLE_IDENTIFIER = lcruzh.project2Tests;
				PRODUCT_NAME = "$(TARGET_NAME)";
				SWIFT_VERSION = 5.0;
				TARGETED_DEVICE_FAMILY = "1,2";
				TEST_HOST = "$(BUILT_PRODUCTS_DIR)/project2.app/project2";
			};
			name = Release;
		};
		A85AE28326850D2200C4A043 /* Debug */ = {
			isa = XCBuildConfiguration;
			buildSettings = {
				ALWAYS_EMBED_SWIFT_STANDARD_LIBRARIES = YES;
				CODE_SIGN_STYLE = Automatic;
				INFOPLIST_FILE = project2UITests/Info.plist;
				LD_RUNPATH_SEARCH_PATHS = (
					"$(inherited)",
					"@executable_path/Frameworks",
					"@loader_path/Frameworks",
				);
				PRODUCT_BUNDLE_IDENTIFIER = lcruzh.project2UITests;
				PRODUCT_NAME = "$(TARGET_NAME)";
				SWIFT_VERSION = 5.0;
				TARGETED_DEVICE_FAMILY = "1,2";
				TEST_TARGET_NAME = project2;
			};
			name = Debug;
		};
		A85AE28426850D2200C4A043 /* Release */ = {
			isa = XCBuildConfiguration;
			buildSettings = {
				ALWAYS_EMBED_SWIFT_STANDARD_LIBRARIES = YES;
				CODE_SIGN_STYLE = Automatic;
				INFOPLIST_FILE = project2UITests/Info.plist;
				LD_RUNPATH_SEARCH_PATHS = (
					"$(inherited)",
					"@executable_path/Frameworks",
					"@loader_path/Frameworks",
				);
				PRODUCT_BUNDLE_IDENTIFIER = lcruzh.project2UITests;
				PRODUCT_NAME = "$(TARGET_NAME)";
				SWIFT_VERSION = 5.0;
				TARGETED_DEVICE_FAMILY = "1,2";
				TEST_TARGET_NAME = project2;
			};
			name = Release;
		};
/* End XCBuildConfiguration section */

/* Begin XCConfigurationList section */
		A85AE24D26850D2000C4A043 /* Build configuration list for PBXProject "project2" */ = {
			isa = XCConfigurationList;
			buildConfigurations = (
				A85AE27A26850D2200C4A043 /* Debug */,
				A85AE27B26850D2200C4A043 /* Release */,
			);
			defaultConfigurationIsVisible = 0;
			defaultConfigurationName = Release;
		};
		A85AE27C26850D2200C4A043 /* Build configuration list for PBXNativeTarget "project2" */ = {
			isa = XCConfigurationList;
			buildConfigurations = (
				A85AE27D26850D2200C4A043 /* Debug */,
				A85AE27E26850D2200C4A043 /* Release */,
			);
			defaultConfigurationIsVisible = 0;
			defaultConfigurationName = Release;
		};
		A85AE27F26850D2200C4A043 /* Build configuration list for PBXNativeTarget "project2Tests" */ = {
			isa = XCConfigurationList;
			buildConfigurations = (
				A85AE28026850D2200C4A043 /* Debug */,
				A85AE28126850D2200C4A043 /* Release */,
			);
			defaultConfigurationIsVisible = 0;
			defaultConfigurationName = Release;
		};
		A85AE28226850D2200C4A043 /* Build configuration list for PBXNativeTarget "project2UITests" */ = {
			isa = XCConfigurationList;
			buildConfigurations = (
				A85AE28326850D2200C4A043 /* Debug */,
				A85AE28426850D2200C4A043 /* Release */,
			);
			defaultConfigurationIsVisible = 0;
			defaultConfigurationName = Release;
		};
/* End XCConfigurationList section */
	};
	rootObject = A85AE24A26850D2000C4A043 /* Project object */;
}
