// !$*UTF8*$!
{
	archiveVersion = 1;
	classes = {
	};
	objectVersion = 50;
	objects = {

/* Begin PBXBuildFile section */
		A873D85F268B905C005457EA /* AppDelegate.swift in Sources */ = {isa = PBXBuildFile; fileRef = A873D85E268B905C005457EA /* AppDelegate.swift */; };
		A873D861268B905C005457EA /* SceneDelegate.swift in Sources */ = {isa = PBXBuildFile; fileRef = A873D860268B905C005457EA /* SceneDelegate.swift */; };
		A873D863268B905C005457EA /* ViewController.swift in Sources */ = {isa = PBXBuildFile; fileRef = A873D862268B905C005457EA /* ViewController.swift */; };
		A873D866268B905C005457EA /* Main.storyboard in Resources */ = {isa = PBXBuildFile; fileRef = A873D864268B905C005457EA /* Main.storyboard */; };
		A873D868268B905D005457EA /* Assets.xcassets in Resources */ = {isa = PBXBuildFile; fileRef = A873D867268B905D005457EA /* Assets.xcassets */; };
		A873D86B268B905D005457EA /* LaunchScreen.storyboard in Resources */ = {isa = PBXBuildFile; fileRef = A873D869268B905D005457EA /* LaunchScreen.storyboard */; };
		A873D876268B905D005457EA /* newProjectTestTests.swift in Sources */ = {isa = PBXBuildFile; fileRef = A873D875268B905D005457EA /* newProjectTestTests.swift */; };
		A873D881268B905D005457EA /* newProjectTestUITests.swift in Sources */ = {isa = PBXBuildFile; fileRef = A873D880268B905D005457EA /* newProjectTestUITests.swift */; };
/* End PBXBuildFile section */

/* Begin PBXContainerItemProxy section */
		A873D872268B905D005457EA /* PBXContainerItemProxy */ = {
			isa = PBXContainerItemProxy;
			containerPortal = A873D853268B905C005457EA /* Project object */;
			proxyType = 1;
			remoteGlobalIDString = A873D85A268B905C005457EA;
			remoteInfo = newProjectTest;
		};
		A873D87D268B905D005457EA /* PBXContainerItemProxy */ = {
			isa = PBXContainerItemProxy;
			containerPortal = A873D853268B905C005457EA /* Project object */;
			proxyType = 1;
			remoteGlobalIDString = A873D85A268B905C005457EA;
			remoteInfo = newProjectTest;
		};
/* End PBXContainerItemProxy section */

/* Begin PBXFileReference section */
		A873D85B268B905C005457EA /* newProjectTest.app */ = {isa = PBXFileReference; explicitFileType = wrapper.application; includeInIndex = 0; path = newProjectTest.app; sourceTree = BUILT_PRODUCTS_DIR; };
		A873D85E268B905C005457EA /* AppDelegate.swift */ = {isa = PBXFileReference; lastKnownFileType = sourcecode.swift; path = AppDelegate.swift; sourceTree = "<group>"; };
		A873D860268B905C005457EA /* SceneDelegate.swift */ = {isa = PBXFileReference; lastKnownFileType = sourcecode.swift; path = SceneDelegate.swift; sourceTree = "<group>"; };
		A873D862268B905C005457EA /* ViewController.swift */ = {isa = PBXFileReference; lastKnownFileType = sourcecode.swift; path = ViewController.swift; sourceTree = "<group>"; };
		A873D865268B905C005457EA /* Base */ = {isa = PBXFileReference; lastKnownFileType = file.storyboard; name = Base; path = Base.lproj/Main.storyboard; sourceTree = "<group>"; };
		A873D867268B905D005457EA /* Assets.xcassets */ = {isa = PBXFileReference; lastKnownFileType = folder.assetcatalog; path = Assets.xcassets; sourceTree = "<group>"; };
		A873D86A268B905D005457EA /* Base */ = {isa = PBXFileReference; lastKnownFileType = file.storyboard; name = Base; path = Base.lproj/LaunchScreen.storyboard; sourceTree = "<group>"; };
		A873D86C268B905D005457EA /* Info.plist */ = {isa = PBXFileReference; lastKnownFileType = text.plist.xml; path = Info.plist; sourceTree = "<group>"; };
		A873D871268B905D005457EA /* newProjectTestTests.xctest */ = {isa = PBXFileReference; explicitFileType = wrapper.cfbundle; includeInIndex = 0; path = newProjectTestTests.xctest; sourceTree = BUILT_PRODUCTS_DIR; };
		A873D875268B905D005457EA /* newProjectTestTests.swift */ = {isa = PBXFileReference; lastKnownFileType = sourcecode.swift; path = newProjectTestTests.swift; sourceTree = "<group>"; };
		A873D877268B905D005457EA /* Info.plist */ = {isa = PBXFileReference; lastKnownFileType = text.plist.xml; path = Info.plist; sourceTree = "<group>"; };
		A873D87C268B905D005457EA /* newProjectTestUITests.xctest */ = {isa = PBXFileReference; explicitFileType = wrapper.cfbundle; includeInIndex = 0; path = newProjectTestUITests.xctest; sourceTree = BUILT_PRODUCTS_DIR; };
		A873D880268B905D005457EA /* newProjectTestUITests.swift */ = {isa = PBXFileReference; lastKnownFileType = sourcecode.swift; path = newProjectTestUITests.swift; sourceTree = "<group>"; };
		A873D882268B905D005457EA /* Info.plist */ = {isa = PBXFileReference; lastKnownFileType = text.plist.xml; path = Info.plist; sourceTree = "<group>"; };
/* End PBXFileReference section */

/* Begin PBXFrameworksBuildPhase section */
		A873D858268B905C005457EA /* Frameworks */ = {
			isa = PBXFrameworksBuildPhase;
			buildActionMask = 2147483647;
			files = (
			);
			runOnlyForDeploymentPostprocessing = 0;
		};
		A873D86E268B905D005457EA /* Frameworks */ = {
			isa = PBXFrameworksBuildPhase;
			buildActionMask = 2147483647;
			files = (
			);
			runOnlyForDeploymentPostprocessing = 0;
		};
		A873D879268B905D005457EA /* Frameworks */ = {
			isa = PBXFrameworksBuildPhase;
			buildActionMask = 2147483647;
			files = (
			);
			runOnlyForDeploymentPostprocessing = 0;
		};
/* End PBXFrameworksBuildPhase section */

/* Begin PBXGroup section */
		A873D852268B905C005457EA = {
			isa = PBXGroup;
			children = (
				A873D85D268B905C005457EA /* newProjectTest */,
				A873D874268B905D005457EA /* newProjectTestTests */,
				A873D87F268B905D005457EA /* newProjectTestUITests */,
				A873D85C268B905C005457EA /* Products */,
			);
			sourceTree = "<group>";
		};
		A873D85C268B905C005457EA /* Products */ = {
			isa = PBXGroup;
			children = (
				A873D85B268B905C005457EA /* newProjectTest.app */,
				A873D871268B905D005457EA /* newProjectTestTests.xctest */,
				A873D87C268B905D005457EA /* newProjectTestUITests.xctest */,
			);
			name = Products;
			sourceTree = "<group>";
		};
		A873D85D268B905C005457EA /* newProjectTest */ = {
			isa = PBXGroup;
			children = (
				A873D85E268B905C005457EA /* AppDelegate.swift */,
				A873D860268B905C005457EA /* SceneDelegate.swift */,
				A873D862268B905C005457EA /* ViewController.swift */,
				A873D864268B905C005457EA /* Main.storyboard */,
				A873D867268B905D005457EA /* Assets.xcassets */,
				A873D869268B905D005457EA /* LaunchScreen.storyboard */,
				A873D86C268B905D005457EA /* Info.plist */,
			);
			path = newProjectTest;
			sourceTree = "<group>";
		};
		A873D874268B905D005457EA /* newProjectTestTests */ = {
			isa = PBXGroup;
			children = (
				A873D875268B905D005457EA /* newProjectTestTests.swift */,
				A873D877268B905D005457EA /* Info.plist */,
			);
			path = newProjectTestTests;
			sourceTree = "<group>";
		};
		A873D87F268B905D005457EA /* newProjectTestUITests */ = {
			isa = PBXGroup;
			children = (
				A873D880268B905D005457EA /* newProjectTestUITests.swift */,
				A873D882268B905D005457EA /* Info.plist */,
			);
			path = newProjectTestUITests;
			sourceTree = "<group>";
		};
/* End PBXGroup section */

/* Begin PBXNativeTarget section */
		A873D85A268B905C005457EA /* newProjectTest */ = {
			isa = PBXNativeTarget;
			buildConfigurationList = A873D885268B905D005457EA /* Build configuration list for PBXNativeTarget "newProjectTest" */;
			buildPhases = (
				A873D857268B905C005457EA /* Sources */,
				A873D858268B905C005457EA /* Frameworks */,
				A873D859268B905C005457EA /* Resources */,
			);
			buildRules = (
			);
			dependencies = (
			);
			name = newProjectTest;
			productName = newProjectTest;
			productReference = A873D85B268B905C005457EA /* newProjectTest.app */;
			productType = "com.apple.product-type.application";
		};
		A873D870268B905D005457EA /* newProjectTestTests */ = {
			isa = PBXNativeTarget;
			buildConfigurationList = A873D888268B905D005457EA /* Build configuration list for PBXNativeTarget "newProjectTestTests" */;
			buildPhases = (
				A873D86D268B905D005457EA /* Sources */,
				A873D86E268B905D005457EA /* Frameworks */,
				A873D86F268B905D005457EA /* Resources */,
			);
			buildRules = (
			);
			dependencies = (
				A873D873268B905D005457EA /* PBXTargetDependency */,
			);
			name = newProjectTestTests;
			productName = newProjectTestTests;
			productReference = A873D871268B905D005457EA /* newProjectTestTests.xctest */;
			productType = "com.apple.product-type.bundle.unit-test";
		};
		A873D87B268B905D005457EA /* newProjectTestUITests */ = {
			isa = PBXNativeTarget;
			buildConfigurationList = A873D88B268B905D005457EA /* Build configuration list for PBXNativeTarget "newProjectTestUITests" */;
			buildPhases = (
				A873D878268B905D005457EA /* Sources */,
				A873D879268B905D005457EA /* Frameworks */,
				A873D87A268B905D005457EA /* Resources */,
			);
			buildRules = (
			);
			dependencies = (
				A873D87E268B905D005457EA /* PBXTargetDependency */,
			);
			name = newProjectTestUITests;
			productName = newProjectTestUITests;
			productReference = A873D87C268B905D005457EA /* newProjectTestUITests.xctest */;
			productType = "com.apple.product-type.bundle.ui-testing";
		};
/* End PBXNativeTarget section */

/* Begin PBXProject section */
		A873D853268B905C005457EA /* Project object */ = {
			isa = PBXProject;
			attributes = {
				LastSwiftUpdateCheck = 1250;
				LastUpgradeCheck = 1250;
				TargetAttributes = {
					A873D85A268B905C005457EA = {
						CreatedOnToolsVersion = 12.5;
					};
					A873D870268B905D005457EA = {
						CreatedOnToolsVersion = 12.5;
						TestTargetID = A873D85A268B905C005457EA;
					};
					A873D87B268B905D005457EA = {
						CreatedOnToolsVersion = 12.5;
						TestTargetID = A873D85A268B905C005457EA;
					};
				};
			};
			buildConfigurationList = A873D856268B905C005457EA /* Build configuration list for PBXProject "newProjectTest" */;
			compatibilityVersion = "Xcode 9.3";
			developmentRegion = en;
			hasScannedForEncodings = 0;
			knownRegions = (
				en,
				Base,
			);
			mainGroup = A873D852268B905C005457EA;
			productRefGroup = A873D85C268B905C005457EA /* Products */;
			projectDirPath = "";
			projectRoot = "";
			targets = (
				A873D85A268B905C005457EA /* newProjectTest */,
				A873D870268B905D005457EA /* newProjectTestTests */,
				A873D87B268B905D005457EA /* newProjectTestUITests */,
			);
		};
/* End PBXProject section */

/* Begin PBXResourcesBuildPhase section */
		A873D859268B905C005457EA /* Resources */ = {
			isa = PBXResourcesBuildPhase;
			buildActionMask = 2147483647;
			files = (
				A873D86B268B905D005457EA /* LaunchScreen.storyboard in Resources */,
				A873D868268B905D005457EA /* Assets.xcassets in Resources */,
				A873D866268B905C005457EA /* Main.storyboard in Resources */,
			);
			runOnlyForDeploymentPostprocessing = 0;
		};
		A873D86F268B905D005457EA /* Resources */ = {
			isa = PBXResourcesBuildPhase;
			buildActionMask = 2147483647;
			files = (
			);
			runOnlyForDeploymentPostprocessing = 0;
		};
		A873D87A268B905D005457EA /* Resources */ = {
			isa = PBXResourcesBuildPhase;
			buildActionMask = 2147483647;
			files = (
			);
			runOnlyForDeploymentPostprocessing = 0;
		};
/* End PBXResourcesBuildPhase section */

/* Begin PBXSourcesBuildPhase section */
		A873D857268B905C005457EA /* Sources */ = {
			isa = PBXSourcesBuildPhase;
			buildActionMask = 2147483647;
			files = (
				A873D863268B905C005457EA /* ViewController.swift in Sources */,
				A873D85F268B905C005457EA /* AppDelegate.swift in Sources */,
				A873D861268B905C005457EA /* SceneDelegate.swift in Sources */,
			);
			runOnlyForDeploymentPostprocessing = 0;
		};
		A873D86D268B905D005457EA /* Sources */ = {
			isa = PBXSourcesBuildPhase;
			buildActionMask = 2147483647;
			files = (
				A873D876268B905D005457EA /* newProjectTestTests.swift in Sources */,
			);
			runOnlyForDeploymentPostprocessing = 0;
		};
		A873D878268B905D005457EA /* Sources */ = {
			isa = PBXSourcesBuildPhase;
			buildActionMask = 2147483647;
			files = (
				A873D881268B905D005457EA /* newProjectTestUITests.swift in Sources */,
			);
			runOnlyForDeploymentPostprocessing = 0;
		};
/* End PBXSourcesBuildPhase section */

/* Begin PBXTargetDependency section */
		A873D873268B905D005457EA /* PBXTargetDependency */ = {
			isa = PBXTargetDependency;
			target = A873D85A268B905C005457EA /* newProjectTest */;
			targetProxy = A873D872268B905D005457EA /* PBXContainerItemProxy */;
		};
		A873D87E268B905D005457EA /* PBXTargetDependency */ = {
			isa = PBXTargetDependency;
			target = A873D85A268B905C005457EA /* newProjectTest */;
			targetProxy = A873D87D268B905D005457EA /* PBXContainerItemProxy */;
		};
/* End PBXTargetDependency section */

/* Begin PBXVariantGroup section */
		A873D864268B905C005457EA /* Main.storyboard */ = {
			isa = PBXVariantGroup;
			children = (
				A873D865268B905C005457EA /* Base */,
			);
			name = Main.storyboard;
			sourceTree = "<group>";
		};
		A873D869268B905D005457EA /* LaunchScreen.storyboard */ = {
			isa = PBXVariantGroup;
			children = (
				A873D86A268B905D005457EA /* Base */,
			);
			name = LaunchScreen.storyboard;
			sourceTree = "<group>";
		};
/* End PBXVariantGroup section */

/* Begin XCBuildConfiguration section */
		A873D883268B905D005457EA /* Debug */ = {
			isa = XCBuildConfiguration;
			buildSettings = {
				ALWAYS_SEARCH_USER_PATHS = NO;
				CLANG_ANALYZER_NONNULL = YES;
				CLANG_ANALYZER_NUMBER_OBJECT_CONVERSION = YES_AGGRESSIVE;
				CLANG_CXX_LANGUAGE_STANDARD = "gnu++14";
				CLANG_CXX_LIBRARY = "libc++";
				CLANG_ENABLE_MODULES = YES;
				CLANG_ENABLE_OBJC_ARC = YES;
				CLANG_ENABLE_OBJC_WEAK = YES;
				CLANG_WARN_BLOCK_CAPTURE_AUTORELEASING = YES;
				CLANG_WARN_BOOL_CONVERSION = YES;
				CLANG_WARN_COMMA = YES;
				CLANG_WARN_CONSTANT_CONVERSION = YES;
				CLANG_WARN_DEPRECATED_OBJC_IMPLEMENTATIONS = YES;
				CLANG_WARN_DIRECT_OBJC_ISA_USAGE = YES_ERROR;
				CLANG_WARN_DOCUMENTATION_COMMENTS = YES;
				CLANG_WARN_EMPTY_BODY = YES;
				CLANG_WARN_ENUM_CONVERSION = YES;
				CLANG_WARN_INFINITE_RECURSION = YES;
				CLANG_WARN_INT_CONVERSION = YES;
				CLANG_WARN_NON_LITERAL_NULL_CONVERSION = YES;
				CLANG_WARN_OBJC_IMPLICIT_RETAIN_SELF = YES;
				CLANG_WARN_OBJC_LITERAL_CONVERSION = YES;
				CLANG_WARN_OBJC_ROOT_CLASS = YES_ERROR;
				CLANG_WARN_QUOTED_INCLUDE_IN_FRAMEWORK_HEADER = YES;
				CLANG_WARN_RANGE_LOOP_ANALYSIS = YES;
				CLANG_WARN_STRICT_PROTOTYPES = YES;
				CLANG_WARN_SUSPICIOUS_MOVE = YES;
				CLANG_WARN_UNGUARDED_AVAILABILITY = YES_AGGRESSIVE;
				CLANG_WARN_UNREACHABLE_CODE = YES;
				CLANG_WARN__DUPLICATE_METHOD_MATCH = YES;
				COPY_PHASE_STRIP = NO;
				DEBUG_INFORMATION_FORMAT = dwarf;
				ENABLE_STRICT_OBJC_MSGSEND = YES;
				ENABLE_TESTABILITY = YES;
				GCC_C_LANGUAGE_STANDARD = gnu11;
				GCC_DYNAMIC_NO_PIC = NO;
				GCC_NO_COMMON_BLOCKS = YES;
				GCC_OPTIMIZATION_LEVEL = 0;
				GCC_PREPROCESSOR_DEFINITIONS = (
					"DEBUG=1",
					"$(inherited)",
				);
				GCC_WARN_64_TO_32_BIT_CONVERSION = YES;
				GCC_WARN_ABOUT_RETURN_TYPE = YES_ERROR;
				GCC_WARN_UNDECLARED_SELECTOR = YES;
				GCC_WARN_UNINITIALIZED_AUTOS = YES_AGGRESSIVE;
				GCC_WARN_UNUSED_FUNCTION = YES;
				GCC_WARN_UNUSED_VARIABLE = YES;
				IPHONEOS_DEPLOYMENT_TARGET = 14.5;
				MTL_ENABLE_DEBUG_INFO = INCLUDE_SOURCE;
				MTL_FAST_MATH = YES;
				ONLY_ACTIVE_ARCH = YES;
				SDKROOT = iphoneos;
				SWIFT_ACTIVE_COMPILATION_CONDITIONS = DEBUG;
				SWIFT_OPTIMIZATION_LEVEL = "-Onone";
			};
			name = Debug;
		};
		A873D884268B905D005457EA /* Release */ = {
			isa = XCBuildConfiguration;
			buildSettings = {
				ALWAYS_SEARCH_USER_PATHS = NO;
				CLANG_ANALYZER_NONNULL = YES;
				CLANG_ANALYZER_NUMBER_OBJECT_CONVERSION = YES_AGGRESSIVE;
				CLANG_CXX_LANGUAGE_STANDARD = "gnu++14";
				CLANG_CXX_LIBRARY = "libc++";
				CLANG_ENABLE_MODULES = YES;
				CLANG_ENABLE_OBJC_ARC = YES;
				CLANG_ENABLE_OBJC_WEAK = YES;
				CLANG_WARN_BLOCK_CAPTURE_AUTORELEASING = YES;
				CLANG_WARN_BOOL_CONVERSION = YES;
				CLANG_WARN_COMMA = YES;
				CLANG_WARN_CONSTANT_CONVERSION = YES;
				CLANG_WARN_DEPRECATED_OBJC_IMPLEMENTATIONS = YES;
				CLANG_WARN_DIRECT_OBJC_ISA_USAGE = YES_ERROR;
				CLANG_WARN_DOCUMENTATION_COMMENTS = YES;
				CLANG_WARN_EMPTY_BODY = YES;
				CLANG_WARN_ENUM_CONVERSION = YES;
				CLANG_WARN_INFINITE_RECURSION = YES;
				CLANG_WARN_INT_CONVERSION = YES;
				CLANG_WARN_NON_LITERAL_NULL_CONVERSION = YES;
				CLANG_WARN_OBJC_IMPLICIT_RETAIN_SELF = YES;
				CLANG_WARN_OBJC_LITERAL_CONVERSION = YES;
				CLANG_WARN_OBJC_ROOT_CLASS = YES_ERROR;
				CLANG_WARN_QUOTED_INCLUDE_IN_FRAMEWORK_HEADER = YES;
				CLANG_WARN_RANGE_LOOP_ANALYSIS = YES;
				CLANG_WARN_STRICT_PROTOTYPES = YES;
				CLANG_WARN_SUSPICIOUS_MOVE = YES;
				CLANG_WARN_UNGUARDED_AVAILABILITY = YES_AGGRESSIVE;
				CLANG_WARN_UNREACHABLE_CODE = YES;
				CLANG_WARN__DUPLICATE_METHOD_MATCH = YES;
				COPY_PHASE_STRIP = NO;
				DEBUG_INFORMATION_FORMAT = "dwarf-with-dsym";
				ENABLE_NS_ASSERTIONS = NO;
				ENABLE_STRICT_OBJC_MSGSEND = YES;
				GCC_C_LANGUAGE_STANDARD = gnu11;
				GCC_NO_COMMON_BLOCKS = YES;
				GCC_WARN_64_TO_32_BIT_CONVERSION = YES;
				GCC_WARN_ABOUT_RETURN_TYPE = YES_ERROR;
				GCC_WARN_UNDECLARED_SELECTOR = YES;
				GCC_WARN_UNINITIALIZED_AUTOS = YES_AGGRESSIVE;
				GCC_WARN_UNUSED_FUNCTION = YES;
				GCC_WARN_UNUSED_VARIABLE = YES;
				IPHONEOS_DEPLOYMENT_TARGET = 14.5;
				MTL_ENABLE_DEBUG_INFO = NO;
				MTL_FAST_MATH = YES;
				SDKROOT = iphoneos;
				SWIFT_COMPILATION_MODE = wholemodule;
				SWIFT_OPTIMIZATION_LEVEL = "-O";
				VALIDATE_PRODUCT = YES;
			};
			name = Release;
		};
		A873D886268B905D005457EA /* Debug */ = {
			isa = XCBuildConfiguration;
			buildSettings = {
				ASSETCATALOG_COMPILER_APPICON_NAME = AppIcon;
				ASSETCATALOG_COMPILER_GLOBAL_ACCENT_COLOR_NAME = AccentColor;
				CODE_SIGN_STYLE = Automatic;
				INFOPLIST_FILE = newProjectTest/Info.plist;
				LD_RUNPATH_SEARCH_PATHS = (
					"$(inherited)",
					"@executable_path/Frameworks",
				);
				PRODUCT_BUNDLE_IDENTIFIER = lcruzh.newProjectTest;
				PRODUCT_NAME = "$(TARGET_NAME)";
				SWIFT_VERSION = 5.0;
				TARGETED_DEVICE_FAMILY = "1,2";
			};
			name = Debug;
		};
		A873D887268B905D005457EA /* Release */ = {
			isa = XCBuildConfiguration;
			buildSettings = {
				ASSETCATALOG_COMPILER_APPICON_NAME = AppIcon;
				ASSETCATALOG_COMPILER_GLOBAL_ACCENT_COLOR_NAME = AccentColor;
				CODE_SIGN_STYLE = Automatic;
				INFOPLIST_FILE = newProjectTest/Info.plist;
				LD_RUNPATH_SEARCH_PATHS = (
					"$(inherited)",
					"@executable_path/Frameworks",
				);
				PRODUCT_BUNDLE_IDENTIFIER = lcruzh.newProjectTest;
				PRODUCT_NAME = "$(TARGET_NAME)";
				SWIFT_VERSION = 5.0;
				TARGETED_DEVICE_FAMILY = "1,2";
			};
			name = Release;
		};
		A873D889268B905D005457EA /* Debug */ = {
			isa = XCBuildConfiguration;
			buildSettings = {
				ALWAYS_EMBED_SWIFT_STANDARD_LIBRARIES = YES;
				BUNDLE_LOADER = "$(TEST_HOST)";
				CODE_SIGN_STYLE = Automatic;
				INFOPLIST_FILE = newProjectTestTests/Info.plist;
				IPHONEOS_DEPLOYMENT_TARGET = 14.5;
				LD_RUNPATH_SEARCH_PATHS = (
					"$(inherited)",
					"@executable_path/Frameworks",
					"@loader_path/Frameworks",
				);
				PRODUCT_BUNDLE_IDENTIFIER = lcruzh.newProjectTestTests;
				PRODUCT_NAME = "$(TARGET_NAME)";
				SWIFT_VERSION = 5.0;
				TARGETED_DEVICE_FAMILY = "1,2";
				TEST_HOST = "$(BUILT_PRODUCTS_DIR)/newProjectTest.app/newProjectTest";
			};
			name = Debug;
		};
		A873D88A268B905D005457EA /* Release */ = {
			isa = XCBuildConfiguration;
			buildSettings = {
				ALWAYS_EMBED_SWIFT_STANDARD_LIBRARIES = YES;
				BUNDLE_LOADER = "$(TEST_HOST)";
				CODE_SIGN_STYLE = Automatic;
				INFOPLIST_FILE = newProjectTestTests/Info.plist;
				IPHONEOS_DEPLOYMENT_TARGET = 14.5;
				LD_RUNPATH_SEARCH_PATHS = (
					"$(inherited)",
					"@executable_path/Frameworks",
					"@loader_path/Frameworks",
				);
				PRODUCT_BUNDLE_IDENTIFIER = lcruzh.newProjectTestTests;
				PRODUCT_NAME = "$(TARGET_NAME)";
				SWIFT_VERSION = 5.0;
				TARGETED_DEVICE_FAMILY = "1,2";
				TEST_HOST = "$(BUILT_PRODUCTS_DIR)/newProjectTest.app/newProjectTest";
			};
			name = Release;
		};
		A873D88C268B905D005457EA /* Debug */ = {
			isa = XCBuildConfiguration;
			buildSettings = {
				ALWAYS_EMBED_SWIFT_STANDARD_LIBRARIES = YES;
				CODE_SIGN_STYLE = Automatic;
				INFOPLIST_FILE = newProjectTestUITests/Info.plist;
				LD_RUNPATH_SEARCH_PATHS = (
					"$(inherited)",
					"@executable_path/Frameworks",
					"@loader_path/Frameworks",
				);
				PRODUCT_BUNDLE_IDENTIFIER = lcruzh.newProjectTestUITests;
				PRODUCT_NAME = "$(TARGET_NAME)";
				SWIFT_VERSION = 5.0;
				TARGETED_DEVICE_FAMILY = "1,2";
				TEST_TARGET_NAME = newProjectTest;
			};
			name = Debug;
		};
		A873D88D268B905D005457EA /* Release */ = {
			isa = XCBuildConfiguration;
			buildSettings = {
				ALWAYS_EMBED_SWIFT_STANDARD_LIBRARIES = YES;
				CODE_SIGN_STYLE = Automatic;
				INFOPLIST_FILE = newProjectTestUITests/Info.plist;
				LD_RUNPATH_SEARCH_PATHS = (
					"$(inherited)",
					"@executable_path/Frameworks",
					"@loader_path/Frameworks",
				);
				PRODUCT_BUNDLE_IDENTIFIER = lcruzh.newProjectTestUITests;
				PRODUCT_NAME = "$(TARGET_NAME)";
				SWIFT_VERSION = 5.0;
				TARGETED_DEVICE_FAMILY = "1,2";
				TEST_TARGET_NAME = newProjectTest;
			};
			name = Release;
		};
/* End XCBuildConfiguration section */

/* Begin XCConfigurationList section */
		A873D856268B905C005457EA /* Build configuration list for PBXProject "newProjectTest" */ = {
			isa = XCConfigurationList;
			buildConfigurations = (
				A873D883268B905D005457EA /* Debug */,
				A873D884268B905D005457EA /* Release */,
			);
			defaultConfigurationIsVisible = 0;
			defaultConfigurationName = Release;
		};
		A873D885268B905D005457EA /* Build configuration list for PBXNativeTarget "newProjectTest" */ = {
			isa = XCConfigurationList;
			buildConfigurations = (
				A873D886268B905D005457EA /* Debug */,
				A873D887268B905D005457EA /* Release */,
			);
			defaultConfigurationIsVisible = 0;
			defaultConfigurationName = Release;
		};
		A873D888268B905D005457EA /* Build configuration list for PBXNativeTarget "newProjectTestTests" */ = {
			isa = XCConfigurationList;
			buildConfigurations = (
				A873D889268B905D005457EA /* Debug */,
				A873D88A268B905D005457EA /* Release */,
			);
			defaultConfigurationIsVisible = 0;
			defaultConfigurationName = Release;
		};
		A873D88B268B905D005457EA /* Build configuration list for PBXNativeTarget "newProjectTestUITests" */ = {
			isa = XCConfigurationList;
			buildConfigurations = (
				A873D88C268B905D005457EA /* Debug */,
				A873D88D268B905D005457EA /* Release */,
			);
			defaultConfigurationIsVisible = 0;
			defaultConfigurationName = Release;
		};
/* End XCConfigurationList section */
	};
	rootObject = A873D853268B905C005457EA /* Project object */;
}
