// !$*UTF8*$!
{
	archiveVersion = 1;
	classes = {
	};
	objectVersion = 50;
	objects = {

/* Begin PBXBuildFile section */
		A873D823268B7615005457EA /* AppDelegate.swift in Sources */ = {isa = PBXBuildFile; fileRef = A873D822268B7615005457EA /* AppDelegate.swift */; };
		A873D825268B7615005457EA /* SceneDelegate.swift in Sources */ = {isa = PBXBuildFile; fileRef = A873D824268B7615005457EA /* SceneDelegate.swift */; };
		A873D827268B7615005457EA /* ViewController.swift in Sources */ = {isa = PBXBuildFile; fileRef = A873D826268B7615005457EA /* ViewController.swift */; };
		A873D82A268B7615005457EA /* Main.storyboard in Resources */ = {isa = PBXBuildFile; fileRef = A873D828268B7615005457EA /* Main.storyboard */; };
		A873D82C268B7615005457EA /* Assets.xcassets in Resources */ = {isa = PBXBuildFile; fileRef = A873D82B268B7615005457EA /* Assets.xcassets */; };
		A873D82F268B7615005457EA /* LaunchScreen.storyboard in Resources */ = {isa = PBXBuildFile; fileRef = A873D82D268B7615005457EA /* LaunchScreen.storyboard */; };
		A873D83A268B7615005457EA /* Camera_DisplayPhotoTests.swift in Sources */ = {isa = PBXBuildFile; fileRef = A873D839268B7615005457EA /* Camera_DisplayPhotoTests.swift */; };
		A873D845268B7615005457EA /* Camera_DisplayPhotoUITests.swift in Sources */ = {isa = PBXBuildFile; fileRef = A873D844268B7615005457EA /* Camera_DisplayPhotoUITests.swift */; };
/* End PBXBuildFile section */

/* Begin PBXContainerItemProxy section */
		A873D836268B7615005457EA /* PBXContainerItemProxy */ = {
			isa = PBXContainerItemProxy;
			containerPortal = A873D817268B7615005457EA /* Project object */;
			proxyType = 1;
			remoteGlobalIDString = A873D81E268B7615005457EA;
			remoteInfo = "Camera&DisplayPhoto";
		};
		A873D841268B7615005457EA /* PBXContainerItemProxy */ = {
			isa = PBXContainerItemProxy;
			containerPortal = A873D817268B7615005457EA /* Project object */;
			proxyType = 1;
			remoteGlobalIDString = A873D81E268B7615005457EA;
			remoteInfo = "Camera&DisplayPhoto";
		};
/* End PBXContainerItemProxy section */

/* Begin PBXFileReference section */
		A873D81F268B7615005457EA /* Camera&DisplayPhoto.app */ = {isa = PBXFileReference; explicitFileType = wrapper.application; includeInIndex = 0; path = "Camera&DisplayPhoto.app"; sourceTree = BUILT_PRODUCTS_DIR; };
		A873D822268B7615005457EA /* AppDelegate.swift */ = {isa = PBXFileReference; lastKnownFileType = sourcecode.swift; path = AppDelegate.swift; sourceTree = "<group>"; };
		A873D824268B7615005457EA /* SceneDelegate.swift */ = {isa = PBXFileReference; lastKnownFileType = sourcecode.swift; path = SceneDelegate.swift; sourceTree = "<group>"; };
		A873D826268B7615005457EA /* ViewController.swift */ = {isa = PBXFileReference; lastKnownFileType = sourcecode.swift; path = ViewController.swift; sourceTree = "<group>"; };
		A873D829268B7615005457EA /* Base */ = {isa = PBXFileReference; lastKnownFileType = file.storyboard; name = Base; path = Base.lproj/Main.storyboard; sourceTree = "<group>"; };
		A873D82B268B7615005457EA /* Assets.xcassets */ = {isa = PBXFileReference; lastKnownFileType = folder.assetcatalog; path = Assets.xcassets; sourceTree = "<group>"; };
		A873D82E268B7615005457EA /* Base */ = {isa = PBXFileReference; lastKnownFileType = file.storyboard; name = Base; path = Base.lproj/LaunchScreen.storyboard; sourceTree = "<group>"; };
		A873D830268B7615005457EA /* Info.plist */ = {isa = PBXFileReference; lastKnownFileType = text.plist.xml; path = Info.plist; sourceTree = "<group>"; };
		A873D835268B7615005457EA /* Camera&DisplayPhotoTests.xctest */ = {isa = PBXFileReference; explicitFileType = wrapper.cfbundle; includeInIndex = 0; path = "Camera&DisplayPhotoTests.xctest"; sourceTree = BUILT_PRODUCTS_DIR; };
		A873D839268B7615005457EA /* Camera_DisplayPhotoTests.swift */ = {isa = PBXFileReference; lastKnownFileType = sourcecode.swift; path = Camera_DisplayPhotoTests.swift; sourceTree = "<group>"; };
		A873D83B268B7615005457EA /* Info.plist */ = {isa = PBXFileReference; lastKnownFileType = text.plist.xml; path = Info.plist; sourceTree = "<group>"; };
		A873D840268B7615005457EA /* Camera&DisplayPhotoUITests.xctest */ = {isa = PBXFileReference; explicitFileType = wrapper.cfbundle; includeInIndex = 0; path = "Camera&DisplayPhotoUITests.xctest"; sourceTree = BUILT_PRODUCTS_DIR; };
		A873D844268B7615005457EA /* Camera_DisplayPhotoUITests.swift */ = {isa = PBXFileReference; lastKnownFileType = sourcecode.swift; path = Camera_DisplayPhotoUITests.swift; sourceTree = "<group>"; };
		A873D846268B7615005457EA /* Info.plist */ = {isa = PBXFileReference; lastKnownFileType = text.plist.xml; path = Info.plist; sourceTree = "<group>"; };
/* End PBXFileReference section */

/* Begin PBXFrameworksBuildPhase section */
		A873D81C268B7615005457EA /* Frameworks */ = {
			isa = PBXFrameworksBuildPhase;
			buildActionMask = 2147483647;
			files = (
			);
			runOnlyForDeploymentPostprocessing = 0;
		};
		A873D832268B7615005457EA /* Frameworks */ = {
			isa = PBXFrameworksBuildPhase;
			buildActionMask = 2147483647;
			files = (
			);
			runOnlyForDeploymentPostprocessing = 0;
		};
		A873D83D268B7615005457EA /* Frameworks */ = {
			isa = PBXFrameworksBuildPhase;
			buildActionMask = 2147483647;
			files = (
			);
			runOnlyForDeploymentPostprocessing = 0;
		};
/* End PBXFrameworksBuildPhase section */

/* Begin PBXGroup section */
		A873D816268B7615005457EA = {
			isa = PBXGroup;
			children = (
				A873D821268B7615005457EA /* Camera&DisplayPhoto */,
				A873D838268B7615005457EA /* Camera&DisplayPhotoTests */,
				A873D843268B7615005457EA /* Camera&DisplayPhotoUITests */,
				A873D820268B7615005457EA /* Products */,
			);
			sourceTree = "<group>";
		};
		A873D820268B7615005457EA /* Products */ = {
			isa = PBXGroup;
			children = (
				A873D81F268B7615005457EA /* Camera&DisplayPhoto.app */,
				A873D835268B7615005457EA /* Camera&DisplayPhotoTests.xctest */,
				A873D840268B7615005457EA /* Camera&DisplayPhotoUITests.xctest */,
			);
			name = Products;
			sourceTree = "<group>";
		};
		A873D821268B7615005457EA /* Camera&DisplayPhoto */ = {
			isa = PBXGroup;
			children = (
				A873D822268B7615005457EA /* AppDelegate.swift */,
				A873D824268B7615005457EA /* SceneDelegate.swift */,
				A873D826268B7615005457EA /* ViewController.swift */,
				A873D828268B7615005457EA /* Main.storyboard */,
				A873D82B268B7615005457EA /* Assets.xcassets */,
				A873D82D268B7615005457EA /* LaunchScreen.storyboard */,
				A873D830268B7615005457EA /* Info.plist */,
			);
			path = "Camera&DisplayPhoto";
			sourceTree = "<group>";
		};
		A873D838268B7615005457EA /* Camera&DisplayPhotoTests */ = {
			isa = PBXGroup;
			children = (
				A873D839268B7615005457EA /* Camera_DisplayPhotoTests.swift */,
				A873D83B268B7615005457EA /* Info.plist */,
			);
			path = "Camera&DisplayPhotoTests";
			sourceTree = "<group>";
		};
		A873D843268B7615005457EA /* Camera&DisplayPhotoUITests */ = {
			isa = PBXGroup;
			children = (
				A873D844268B7615005457EA /* Camera_DisplayPhotoUITests.swift */,
				A873D846268B7615005457EA /* Info.plist */,
			);
			path = "Camera&DisplayPhotoUITests";
			sourceTree = "<group>";
		};
/* End PBXGroup section */

/* Begin PBXNativeTarget section */
		A873D81E268B7615005457EA /* Camera&DisplayPhoto */ = {
			isa = PBXNativeTarget;
			buildConfigurationList = A873D849268B7615005457EA /* Build configuration list for PBXNativeTarget "Camera&DisplayPhoto" */;
			buildPhases = (
				A873D81B268B7615005457EA /* Sources */,
				A873D81C268B7615005457EA /* Frameworks */,
				A873D81D268B7615005457EA /* Resources */,
			);
			buildRules = (
			);
			dependencies = (
			);
			name = "Camera&DisplayPhoto";
			productName = "Camera&DisplayPhoto";
			productReference = A873D81F268B7615005457EA /* Camera&DisplayPhoto.app */;
			productType = "com.apple.product-type.application";
		};
		A873D834268B7615005457EA /* Camera&DisplayPhotoTests */ = {
			isa = PBXNativeTarget;
			buildConfigurationList = A873D84C268B7615005457EA /* Build configuration list for PBXNativeTarget "Camera&DisplayPhotoTests" */;
			buildPhases = (
				A873D831268B7615005457EA /* Sources */,
				A873D832268B7615005457EA /* Frameworks */,
				A873D833268B7615005457EA /* Resources */,
			);
			buildRules = (
			);
			dependencies = (
				A873D837268B7615005457EA /* PBXTargetDependency */,
			);
			name = "Camera&DisplayPhotoTests";
			productName = "Camera&DisplayPhotoTests";
			productReference = A873D835268B7615005457EA /* Camera&DisplayPhotoTests.xctest */;
			productType = "com.apple.product-type.bundle.unit-test";
		};
		A873D83F268B7615005457EA /* Camera&DisplayPhotoUITests */ = {
			isa = PBXNativeTarget;
			buildConfigurationList = A873D84F268B7615005457EA /* Build configuration list for PBXNativeTarget "Camera&DisplayPhotoUITests" */;
			buildPhases = (
				A873D83C268B7615005457EA /* Sources */,
				A873D83D268B7615005457EA /* Frameworks */,
				A873D83E268B7615005457EA /* Resources */,
			);
			buildRules = (
			);
			dependencies = (
				A873D842268B7615005457EA /* PBXTargetDependency */,
			);
			name = "Camera&DisplayPhotoUITests";
			productName = "Camera&DisplayPhotoUITests";
			productReference = A873D840268B7615005457EA /* Camera&DisplayPhotoUITests.xctest */;
			productType = "com.apple.product-type.bundle.ui-testing";
		};
/* End PBXNativeTarget section */

/* Begin PBXProject section */
		A873D817268B7615005457EA /* Project object */ = {
			isa = PBXProject;
			attributes = {
				LastSwiftUpdateCheck = 1250;
				LastUpgradeCheck = 1250;
				TargetAttributes = {
					A873D81E268B7615005457EA = {
						CreatedOnToolsVersion = 12.5;
					};
					A873D834268B7615005457EA = {
						CreatedOnToolsVersion = 12.5;
						TestTargetID = A873D81E268B7615005457EA;
					};
					A873D83F268B7615005457EA = {
						CreatedOnToolsVersion = 12.5;
						TestTargetID = A873D81E268B7615005457EA;
					};
				};
			};
			buildConfigurationList = A873D81A268B7615005457EA /* Build configuration list for PBXProject "Camera&DisplayPhoto" */;
			compatibilityVersion = "Xcode 9.3";
			developmentRegion = en;
			hasScannedForEncodings = 0;
			knownRegions = (
				en,
				Base,
			);
			mainGroup = A873D816268B7615005457EA;
			productRefGroup = A873D820268B7615005457EA /* Products */;
			projectDirPath = "";
			projectRoot = "";
			targets = (
				A873D81E268B7615005457EA /* Camera&DisplayPhoto */,
				A873D834268B7615005457EA /* Camera&DisplayPhotoTests */,
				A873D83F268B7615005457EA /* Camera&DisplayPhotoUITests */,
			);
		};
/* End PBXProject section */

/* Begin PBXResourcesBuildPhase section */
		A873D81D268B7615005457EA /* Resources */ = {
			isa = PBXResourcesBuildPhase;
			buildActionMask = 2147483647;
			files = (
				A873D82F268B7615005457EA /* LaunchScreen.storyboard in Resources */,
				A873D82C268B7615005457EA /* Assets.xcassets in Resources */,
				A873D82A268B7615005457EA /* Main.storyboard in Resources */,
			);
			runOnlyForDeploymentPostprocessing = 0;
		};
		A873D833268B7615005457EA /* Resources */ = {
			isa = PBXResourcesBuildPhase;
			buildActionMask = 2147483647;
			files = (
			);
			runOnlyForDeploymentPostprocessing = 0;
		};
		A873D83E268B7615005457EA /* Resources */ = {
			isa = PBXResourcesBuildPhase;
			buildActionMask = 2147483647;
			files = (
			);
			runOnlyForDeploymentPostprocessing = 0;
		};
/* End PBXResourcesBuildPhase section */

/* Begin PBXSourcesBuildPhase section */
		A873D81B268B7615005457EA /* Sources */ = {
			isa = PBXSourcesBuildPhase;
			buildActionMask = 2147483647;
			files = (
				A873D827268B7615005457EA /* ViewController.swift in Sources */,
				A873D823268B7615005457EA /* AppDelegate.swift in Sources */,
				A873D825268B7615005457EA /* SceneDelegate.swift in Sources */,
			);
			runOnlyForDeploymentPostprocessing = 0;
		};
		A873D831268B7615005457EA /* Sources */ = {
			isa = PBXSourcesBuildPhase;
			buildActionMask = 2147483647;
			files = (
				A873D83A268B7615005457EA /* Camera_DisplayPhotoTests.swift in Sources */,
			);
			runOnlyForDeploymentPostprocessing = 0;
		};
		A873D83C268B7615005457EA /* Sources */ = {
			isa = PBXSourcesBuildPhase;
			buildActionMask = 2147483647;
			files = (
				A873D845268B7615005457EA /* Camera_DisplayPhotoUITests.swift in Sources */,
			);
			runOnlyForDeploymentPostprocessing = 0;
		};
/* End PBXSourcesBuildPhase section */

/* Begin PBXTargetDependency section */
		A873D837268B7615005457EA /* PBXTargetDependency */ = {
			isa = PBXTargetDependency;
			target = A873D81E268B7615005457EA /* Camera&DisplayPhoto */;
			targetProxy = A873D836268B7615005457EA /* PBXContainerItemProxy */;
		};
		A873D842268B7615005457EA /* PBXTargetDependency */ = {
			isa = PBXTargetDependency;
			target = A873D81E268B7615005457EA /* Camera&DisplayPhoto */;
			targetProxy = A873D841268B7615005457EA /* PBXContainerItemProxy */;
		};
/* End PBXTargetDependency section */

/* Begin PBXVariantGroup section */
		A873D828268B7615005457EA /* Main.storyboard */ = {
			isa = PBXVariantGroup;
			children = (
				A873D829268B7615005457EA /* Base */,
			);
			name = Main.storyboard;
			sourceTree = "<group>";
		};
		A873D82D268B7615005457EA /* LaunchScreen.storyboard */ = {
			isa = PBXVariantGroup;
			children = (
				A873D82E268B7615005457EA /* Base */,
			);
			name = LaunchScreen.storyboard;
			sourceTree = "<group>";
		};
/* End PBXVariantGroup section */

/* Begin XCBuildConfiguration section */
		A873D847268B7615005457EA /* Debug */ = {
			isa = XCBuildConfiguration;
			buildSettings = {
				ALWAYS_SEARCH_USER_PATHS = NO;
				CLANG_ANALYZER_NONNULL = YES;
				CLANG_ANALYZER_NUMBER_OBJECT_CONVERSION = YES_AGGRESSIVE;
				CLANG_CXX_LANGUAGE_STANDARD = "gnu++14";
				CLANG_CXX_LIBRARY = "libc++";
				CLANG_ENABLE_MODULES = YES;
				CLANG_ENABLE_OBJC_ARC = YES;
				CLANG_ENABLE_OBJC_WEAK = YES;
				CLANG_WARN_BLOCK_CAPTURE_AUTORELEASING = YES;
				CLANG_WARN_BOOL_CONVERSION = YES;
				CLANG_WARN_COMMA = YES;
				CLANG_WARN_CONSTANT_CONVERSION = YES;
				CLANG_WARN_DEPRECATED_OBJC_IMPLEMENTATIONS = YES;
				CLANG_WARN_DIRECT_OBJC_ISA_USAGE = YES_ERROR;
				CLANG_WARN_DOCUMENTATION_COMMENTS = YES;
				CLANG_WARN_EMPTY_BODY = YES;
				CLANG_WARN_ENUM_CONVERSION = YES;
				CLANG_WARN_INFINITE_RECURSION = YES;
				CLANG_WARN_INT_CONVERSION = YES;
				CLANG_WARN_NON_LITERAL_NULL_CONVERSION = YES;
				CLANG_WARN_OBJC_IMPLICIT_RETAIN_SELF = YES;
				CLANG_WARN_OBJC_LITERAL_CONVERSION = YES;
				CLANG_WARN_OBJC_ROOT_CLASS = YES_ERROR;
				CLANG_WARN_QUOTED_INCLUDE_IN_FRAMEWORK_HEADER = YES;
				CLANG_WARN_RANGE_LOOP_ANALYSIS = YES;
				CLANG_WARN_STRICT_PROTOTYPES = YES;
				CLANG_WARN_SUSPICIOUS_MOVE = YES;
				CLANG_WARN_UNGUARDED_AVAILABILITY = YES_AGGRESSIVE;
				CLANG_WARN_UNREACHABLE_CODE = YES;
				CLANG_WARN__DUPLICATE_METHOD_MATCH = YES;
				COPY_PHASE_STRIP = NO;
				DEBUG_INFORMATION_FORMAT = dwarf;
				ENABLE_STRICT_OBJC_MSGSEND = YES;
				ENABLE_TESTABILITY = YES;
				GCC_C_LANGUAGE_STANDARD = gnu11;
				GCC_DYNAMIC_NO_PIC = NO;
				GCC_NO_COMMON_BLOCKS = YES;
				GCC_OPTIMIZATION_LEVEL = 0;
				GCC_PREPROCESSOR_DEFINITIONS = (
					"DEBUG=1",
					"$(inherited)",
				);
				GCC_WARN_64_TO_32_BIT_CONVERSION = YES;
				GCC_WARN_ABOUT_RETURN_TYPE = YES_ERROR;
				GCC_WARN_UNDECLARED_SELECTOR = YES;
				GCC_WARN_UNINITIALIZED_AUTOS = YES_AGGRESSIVE;
				GCC_WARN_UNUSED_FUNCTION = YES;
				GCC_WARN_UNUSED_VARIABLE = YES;
				IPHONEOS_DEPLOYMENT_TARGET = 14.5;
				MTL_ENABLE_DEBUG_INFO = INCLUDE_SOURCE;
				MTL_FAST_MATH = YES;
				ONLY_ACTIVE_ARCH = YES;
				SDKROOT = iphoneos;
				SWIFT_ACTIVE_COMPILATION_CONDITIONS = DEBUG;
				SWIFT_OPTIMIZATION_LEVEL = "-Onone";
			};
			name = Debug;
		};
		A873D848268B7615005457EA /* Release */ = {
			isa = XCBuildConfiguration;
			buildSettings = {
				ALWAYS_SEARCH_USER_PATHS = NO;
				CLANG_ANALYZER_NONNULL = YES;
				CLANG_ANALYZER_NUMBER_OBJECT_CONVERSION = YES_AGGRESSIVE;
				CLANG_CXX_LANGUAGE_STANDARD = "gnu++14";
				CLANG_CXX_LIBRARY = "libc++";
				CLANG_ENABLE_MODULES = YES;
				CLANG_ENABLE_OBJC_ARC = YES;
				CLANG_ENABLE_OBJC_WEAK = YES;
				CLANG_WARN_BLOCK_CAPTURE_AUTORELEASING = YES;
				CLANG_WARN_BOOL_CONVERSION = YES;
				CLANG_WARN_COMMA = YES;
				CLANG_WARN_CONSTANT_CONVERSION = YES;
				CLANG_WARN_DEPRECATED_OBJC_IMPLEMENTATIONS = YES;
				CLANG_WARN_DIRECT_OBJC_ISA_USAGE = YES_ERROR;
				CLANG_WARN_DOCUMENTATION_COMMENTS = YES;
				CLANG_WARN_EMPTY_BODY = YES;
				CLANG_WARN_ENUM_CONVERSION = YES;
				CLANG_WARN_INFINITE_RECURSION = YES;
				CLANG_WARN_INT_CONVERSION = YES;
				CLANG_WARN_NON_LITERAL_NULL_CONVERSION = YES;
				CLANG_WARN_OBJC_IMPLICIT_RETAIN_SELF = YES;
				CLANG_WARN_OBJC_LITERAL_CONVERSION = YES;
				CLANG_WARN_OBJC_ROOT_CLASS = YES_ERROR;
				CLANG_WARN_QUOTED_INCLUDE_IN_FRAMEWORK_HEADER = YES;
				CLANG_WARN_RANGE_LOOP_ANALYSIS = YES;
				CLANG_WARN_STRICT_PROTOTYPES = YES;
				CLANG_WARN_SUSPICIOUS_MOVE = YES;
				CLANG_WARN_UNGUARDED_AVAILABILITY = YES_AGGRESSIVE;
				CLANG_WARN_UNREACHABLE_CODE = YES;
				CLANG_WARN__DUPLICATE_METHOD_MATCH = YES;
				COPY_PHASE_STRIP = NO;
				DEBUG_INFORMATION_FORMAT = "dwarf-with-dsym";
				ENABLE_NS_ASSERTIONS = NO;
				ENABLE_STRICT_OBJC_MSGSEND = YES;
				GCC_C_LANGUAGE_STANDARD = gnu11;
				GCC_NO_COMMON_BLOCKS = YES;
				GCC_WARN_64_TO_32_BIT_CONVERSION = YES;
				GCC_WARN_ABOUT_RETURN_TYPE = YES_ERROR;
				GCC_WARN_UNDECLARED_SELECTOR = YES;
				GCC_WARN_UNINITIALIZED_AUTOS = YES_AGGRESSIVE;
				GCC_WARN_UNUSED_FUNCTION = YES;
				GCC_WARN_UNUSED_VARIABLE = YES;
				IPHONEOS_DEPLOYMENT_TARGET = 14.5;
				MTL_ENABLE_DEBUG_INFO = NO;
				MTL_FAST_MATH = YES;
				SDKROOT = iphoneos;
				SWIFT_COMPILATION_MODE = wholemodule;
				SWIFT_OPTIMIZATION_LEVEL = "-O";
				VALIDATE_PRODUCT = YES;
			};
			name = Release;
		};
		A873D84A268B7615005457EA /* Debug */ = {
			isa = XCBuildConfiguration;
			buildSettings = {
				ASSETCATALOG_COMPILER_APPICON_NAME = AppIcon;
				ASSETCATALOG_COMPILER_GLOBAL_ACCENT_COLOR_NAME = AccentColor;
				CODE_SIGN_STYLE = Automatic;
				INFOPLIST_FILE = "Camera&DisplayPhoto/Info.plist";
				LD_RUNPATH_SEARCH_PATHS = (
					"$(inherited)",
					"@executable_path/Frameworks",
				);
				PRODUCT_BUNDLE_IDENTIFIER = "lcruzh.Camera-DisplayPhoto";
				PRODUCT_NAME = "$(TARGET_NAME)";
				SWIFT_VERSION = 5.0;
				TARGETED_DEVICE_FAMILY = "1,2";
			};
			name = Debug;
		};
		A873D84B268B7615005457EA /* Release */ = {
			isa = XCBuildConfiguration;
			buildSettings = {
				ASSETCATALOG_COMPILER_APPICON_NAME = AppIcon;
				ASSETCATALOG_COMPILER_GLOBAL_ACCENT_COLOR_NAME = AccentColor;
				CODE_SIGN_STYLE = Automatic;
				INFOPLIST_FILE = "Camera&DisplayPhoto/Info.plist";
				LD_RUNPATH_SEARCH_PATHS = (
					"$(inherited)",
					"@executable_path/Frameworks",
				);
				PRODUCT_BUNDLE_IDENTIFIER = "lcruzh.Camera-DisplayPhoto";
				PRODUCT_NAME = "$(TARGET_NAME)";
				SWIFT_VERSION = 5.0;
				TARGETED_DEVICE_FAMILY = "1,2";
			};
			name = Release;
		};
		A873D84D268B7615005457EA /* Debug */ = {
			isa = XCBuildConfiguration;
			buildSettings = {
				ALWAYS_EMBED_SWIFT_STANDARD_LIBRARIES = YES;
				BUNDLE_LOADER = "$(TEST_HOST)";
				CODE_SIGN_STYLE = Automatic;
				INFOPLIST_FILE = "Camera&DisplayPhotoTests/Info.plist";
				IPHONEOS_DEPLOYMENT_TARGET = 14.5;
				LD_RUNPATH_SEARCH_PATHS = (
					"$(inherited)",
					"@executable_path/Frameworks",
					"@loader_path/Frameworks",
				);
				PRODUCT_BUNDLE_IDENTIFIER = "lcruzh.Camera-DisplayPhotoTests";
				PRODUCT_NAME = "$(TARGET_NAME)";
				SWIFT_VERSION = 5.0;
				TARGETED_DEVICE_FAMILY = "1,2";
				TEST_HOST = "$(BUILT_PRODUCTS_DIR)/Camera&DisplayPhoto.app/Camera&DisplayPhoto";
			};
			name = Debug;
		};
		A873D84E268B7615005457EA /* Release */ = {
			isa = XCBuildConfiguration;
			buildSettings = {
				ALWAYS_EMBED_SWIFT_STANDARD_LIBRARIES = YES;
				BUNDLE_LOADER = "$(TEST_HOST)";
				CODE_SIGN_STYLE = Automatic;
				INFOPLIST_FILE = "Camera&DisplayPhotoTests/Info.plist";
				IPHONEOS_DEPLOYMENT_TARGET = 14.5;
				LD_RUNPATH_SEARCH_PATHS = (
					"$(inherited)",
					"@executable_path/Frameworks",
					"@loader_path/Frameworks",
				);
				PRODUCT_BUNDLE_IDENTIFIER = "lcruzh.Camera-DisplayPhotoTests";
				PRODUCT_NAME = "$(TARGET_NAME)";
				SWIFT_VERSION = 5.0;
				TARGETED_DEVICE_FAMILY = "1,2";
				TEST_HOST = "$(BUILT_PRODUCTS_DIR)/Camera&DisplayPhoto.app/Camera&DisplayPhoto";
			};
			name = Release;
		};
		A873D850268B7615005457EA /* Debug */ = {
			isa = XCBuildConfiguration;
			buildSettings = {
				ALWAYS_EMBED_SWIFT_STANDARD_LIBRARIES = YES;
				CODE_SIGN_STYLE = Automatic;
				INFOPLIST_FILE = "Camera&DisplayPhotoUITests/Info.plist";
				LD_RUNPATH_SEARCH_PATHS = (
					"$(inherited)",
					"@executable_path/Frameworks",
					"@loader_path/Frameworks",
				);
				PRODUCT_BUNDLE_IDENTIFIER = "lcruzh.Camera-DisplayPhotoUITests";
				PRODUCT_NAME = "$(TARGET_NAME)";
				SWIFT_VERSION = 5.0;
				TARGETED_DEVICE_FAMILY = "1,2";
				TEST_TARGET_NAME = "Camera&DisplayPhoto";
			};
			name = Debug;
		};
		A873D851268B7615005457EA /* Release */ = {
			isa = XCBuildConfiguration;
			buildSettings = {
				ALWAYS_EMBED_SWIFT_STANDARD_LIBRARIES = YES;
				CODE_SIGN_STYLE = Automatic;
				INFOPLIST_FILE = "Camera&DisplayPhotoUITests/Info.plist";
				LD_RUNPATH_SEARCH_PATHS = (
					"$(inherited)",
					"@executable_path/Frameworks",
					"@loader_path/Frameworks",
				);
				PRODUCT_BUNDLE_IDENTIFIER = "lcruzh.Camera-DisplayPhotoUITests";
				PRODUCT_NAME = "$(TARGET_NAME)";
				SWIFT_VERSION = 5.0;
				TARGETED_DEVICE_FAMILY = "1,2";
				TEST_TARGET_NAME = "Camera&DisplayPhoto";
			};
			name = Release;
		};
/* End XCBuildConfiguration section */

/* Begin XCConfigurationList section */
		A873D81A268B7615005457EA /* Build configuration list for PBXProject "Camera&DisplayPhoto" */ = {
			isa = XCConfigurationList;
			buildConfigurations = (
				A873D847268B7615005457EA /* Debug */,
				A873D848268B7615005457EA /* Release */,
			);
			defaultConfigurationIsVisible = 0;
			defaultConfigurationName = Release;
		};
		A873D849268B7615005457EA /* Build configuration list for PBXNativeTarget "Camera&DisplayPhoto" */ = {
			isa = XCConfigurationList;
			buildConfigurations = (
				A873D84A268B7615005457EA /* Debug */,
				A873D84B268B7615005457EA /* Release */,
			);
			defaultConfigurationIsVisible = 0;
			defaultConfigurationName = Release;
		};
		A873D84C268B7615005457EA /* Build configuration list for PBXNativeTarget "Camera&DisplayPhotoTests" */ = {
			isa = XCConfigurationList;
			buildConfigurations = (
				A873D84D268B7615005457EA /* Debug */,
				A873D84E268B7615005457EA /* Release */,
			);
			defaultConfigurationIsVisible = 0;
			defaultConfigurationName = Release;
		};
		A873D84F268B7615005457EA /* Build configuration list for PBXNativeTarget "Camera&DisplayPhotoUITests" */ = {
			isa = XCConfigurationList;
			buildConfigurations = (
				A873D850268B7615005457EA /* Debug */,
				A873D851268B7615005457EA /* Release */,
			);
			defaultConfigurationIsVisible = 0;
			defaultConfigurationName = Release;
		};
/* End XCConfigurationList section */
	};
	rootObject = A873D817268B7615005457EA /* Project object */;
}
