// !$*UTF8*$!
{
	archiveVersion = 1;
	classes = {
	};
	objectVersion = 50;
	objects = {

/* Begin PBXBuildFile section */
		A873D7E4268B69A3005457EA /* AppDelegate.swift in Sources */ = {isa = PBXBuildFile; fileRef = A873D7E3268B69A3005457EA /* AppDelegate.swift */; };
		A873D7E6268B69A3005457EA /* SceneDelegate.swift in Sources */ = {isa = PBXBuildFile; fileRef = A873D7E5268B69A3005457EA /* SceneDelegate.swift */; };
		A873D7EB268B69A3005457EA /* Main.storyboard in Resources */ = {isa = PBXBuildFile; fileRef = A873D7E9268B69A3005457EA /* Main.storyboard */; };
		A873D7EE268B69A3005457EA /* todolist.xcdatamodeld in Sources */ = {isa = PBXBuildFile; fileRef = A873D7EC268B69A3005457EA /* todolist.xcdatamodeld */; };
		A873D7F0268B69A3005457EA /* Assets.xcassets in Resources */ = {isa = PBXBuildFile; fileRef = A873D7EF268B69A3005457EA /* Assets.xcassets */; };
		A873D7F3268B69A3005457EA /* LaunchScreen.storyboard in Resources */ = {isa = PBXBuildFile; fileRef = A873D7F1268B69A3005457EA /* LaunchScreen.storyboard */; };
		A873D7FE268B69A3005457EA /* todolistTests.swift in Sources */ = {isa = PBXBuildFile; fileRef = A873D7FD268B69A3005457EA /* todolistTests.swift */; };
		A873D809268B69A3005457EA /* todolistUITests.swift in Sources */ = {isa = PBXBuildFile; fileRef = A873D808268B69A3005457EA /* todolistUITests.swift */; };
/* End PBXBuildFile section */

/* Begin PBXContainerItemProxy section */
		A873D7FA268B69A3005457EA /* PBXContainerItemProxy */ = {
			isa = PBXContainerItemProxy;
			containerPortal = A873D7D8268B69A3005457EA /* Project object */;
			proxyType = 1;
			remoteGlobalIDString = A873D7DF268B69A3005457EA;
			remoteInfo = todolist;
		};
		A873D805268B69A3005457EA /* PBXContainerItemProxy */ = {
			isa = PBXContainerItemProxy;
			containerPortal = A873D7D8268B69A3005457EA /* Project object */;
			proxyType = 1;
			remoteGlobalIDString = A873D7DF268B69A3005457EA;
			remoteInfo = todolist;
		};
/* End PBXContainerItemProxy section */

/* Begin PBXFileReference section */
		A873D7E0268B69A3005457EA /* todolist.app */ = {isa = PBXFileReference; explicitFileType = wrapper.application; includeInIndex = 0; path = todolist.app; sourceTree = BUILT_PRODUCTS_DIR; };
		A873D7E3268B69A3005457EA /* AppDelegate.swift */ = {isa = PBXFileReference; lastKnownFileType = sourcecode.swift; path = AppDelegate.swift; sourceTree = "<group>"; };
		A873D7E5268B69A3005457EA /* SceneDelegate.swift */ = {isa = PBXFileReference; lastKnownFileType = sourcecode.swift; path = SceneDelegate.swift; sourceTree = "<group>"; };
		A873D7EA268B69A3005457EA /* Base */ = {isa = PBXFileReference; lastKnownFileType = file.storyboard; name = Base; path = Base.lproj/Main.storyboard; sourceTree = "<group>"; };
		A873D7ED268B69A3005457EA /* todolist.xcdatamodel */ = {isa = PBXFileReference; lastKnownFileType = wrapper.xcdatamodel; path = todolist.xcdatamodel; sourceTree = "<group>"; };
		A873D7EF268B69A3005457EA /* Assets.xcassets */ = {isa = PBXFileReference; lastKnownFileType = folder.assetcatalog; path = Assets.xcassets; sourceTree = "<group>"; };
		A873D7F2268B69A3005457EA /* Base */ = {isa = PBXFileReference; lastKnownFileType = file.storyboard; name = Base; path = Base.lproj/LaunchScreen.storyboard; sourceTree = "<group>"; };
		A873D7F4268B69A3005457EA /* Info.plist */ = {isa = PBXFileReference; lastKnownFileType = text.plist.xml; path = Info.plist; sourceTree = "<group>"; };
		A873D7F9268B69A3005457EA /* todolistTests.xctest */ = {isa = PBXFileReference; explicitFileType = wrapper.cfbundle; includeInIndex = 0; path = todolistTests.xctest; sourceTree = BUILT_PRODUCTS_DIR; };
		A873D7FD268B69A3005457EA /* todolistTests.swift */ = {isa = PBXFileReference; lastKnownFileType = sourcecode.swift; path = todolistTests.swift; sourceTree = "<group>"; };
		A873D7FF268B69A3005457EA /* Info.plist */ = {isa = PBXFileReference; lastKnownFileType = text.plist.xml; path = Info.plist; sourceTree = "<group>"; };
		A873D804268B69A3005457EA /* todolistUITests.xctest */ = {isa = PBXFileReference; explicitFileType = wrapper.cfbundle; includeInIndex = 0; path = todolistUITests.xctest; sourceTree = BUILT_PRODUCTS_DIR; };
		A873D808268B69A3005457EA /* todolistUITests.swift */ = {isa = PBXFileReference; lastKnownFileType = sourcecode.swift; path = todolistUITests.swift; sourceTree = "<group>"; };
		A873D80A268B69A3005457EA /* Info.plist */ = {isa = PBXFileReference; lastKnownFileType = text.plist.xml; path = Info.plist; sourceTree = "<group>"; };
/* End PBXFileReference section */

/* Begin PBXFrameworksBuildPhase section */
		A873D7DD268B69A3005457EA /* Frameworks */ = {
			isa = PBXFrameworksBuildPhase;
			buildActionMask = 2147483647;
			files = (
			);
			runOnlyForDeploymentPostprocessing = 0;
		};
		A873D7F6268B69A3005457EA /* Frameworks */ = {
			isa = PBXFrameworksBuildPhase;
			buildActionMask = 2147483647;
			files = (
			);
			runOnlyForDeploymentPostprocessing = 0;
		};
		A873D801268B69A3005457EA /* Frameworks */ = {
			isa = PBXFrameworksBuildPhase;
			buildActionMask = 2147483647;
			files = (
			);
			runOnlyForDeploymentPostprocessing = 0;
		};
/* End PBXFrameworksBuildPhase section */

/* Begin PBXGroup section */
		A873D7D7268B69A3005457EA = {
			isa = PBXGroup;
			children = (
				A873D7E2268B69A3005457EA /* todolist */,
				A873D7FC268B69A3005457EA /* todolistTests */,
				A873D807268B69A3005457EA /* todolistUITests */,
				A873D7E1268B69A3005457EA /* Products */,
			);
			sourceTree = "<group>";
		};
		A873D7E1268B69A3005457EA /* Products */ = {
			isa = PBXGroup;
			children = (
				A873D7E0268B69A3005457EA /* todolist.app */,
				A873D7F9268B69A3005457EA /* todolistTests.xctest */,
				A873D804268B69A3005457EA /* todolistUITests.xctest */,
			);
			name = Products;
			sourceTree = "<group>";
		};
		A873D7E2268B69A3005457EA /* todolist */ = {
			isa = PBXGroup;
			children = (
				A873D7E3268B69A3005457EA /* AppDelegate.swift */,
				A873D7E5268B69A3005457EA /* SceneDelegate.swift */,
				A873D7E9268B69A3005457EA /* Main.storyboard */,
				A873D7EF268B69A3005457EA /* Assets.xcassets */,
				A873D7F1268B69A3005457EA /* LaunchScreen.storyboard */,
				A873D7F4268B69A3005457EA /* Info.plist */,
				A873D7EC268B69A3005457EA /* todolist.xcdatamodeld */,
			);
			path = todolist;
			sourceTree = "<group>";
		};
		A873D7FC268B69A3005457EA /* todolistTests */ = {
			isa = PBXGroup;
			children = (
				A873D7FD268B69A3005457EA /* todolistTests.swift */,
				A873D7FF268B69A3005457EA /* Info.plist */,
			);
			path = todolistTests;
			sourceTree = "<group>";
		};
		A873D807268B69A3005457EA /* todolistUITests */ = {
			isa = PBXGroup;
			children = (
				A873D808268B69A3005457EA /* todolistUITests.swift */,
				A873D80A268B69A3005457EA /* Info.plist */,
			);
			path = todolistUITests;
			sourceTree = "<group>";
		};
/* End PBXGroup section */

/* Begin PBXNativeTarget section */
		A873D7DF268B69A3005457EA /* todolist */ = {
			isa = PBXNativeTarget;
			buildConfigurationList = A873D80D268B69A3005457EA /* Build configuration list for PBXNativeTarget "todolist" */;
			buildPhases = (
				A873D7DC268B69A3005457EA /* Sources */,
				A873D7DD268B69A3005457EA /* Frameworks */,
				A873D7DE268B69A3005457EA /* Resources */,
			);
			buildRules = (
			);
			dependencies = (
			);
			name = todolist;
			productName = todolist;
			productReference = A873D7E0268B69A3005457EA /* todolist.app */;
			productType = "com.apple.product-type.application";
		};
		A873D7F8268B69A3005457EA /* todolistTests */ = {
			isa = PBXNativeTarget;
			buildConfigurationList = A873D810268B69A3005457EA /* Build configuration list for PBXNativeTarget "todolistTests" */;
			buildPhases = (
				A873D7F5268B69A3005457EA /* Sources */,
				A873D7F6268B69A3005457EA /* Frameworks */,
				A873D7F7268B69A3005457EA /* Resources */,
			);
			buildRules = (
			);
			dependencies = (
				A873D7FB268B69A3005457EA /* PBXTargetDependency */,
			);
			name = todolistTests;
			productName = todolistTests;
			productReference = A873D7F9268B69A3005457EA /* todolistTests.xctest */;
			productType = "com.apple.product-type.bundle.unit-test";
		};
		A873D803268B69A3005457EA /* todolistUITests */ = {
			isa = PBXNativeTarget;
			buildConfigurationList = A873D813268B69A3005457EA /* Build configuration list for PBXNativeTarget "todolistUITests" */;
			buildPhases = (
				A873D800268B69A3005457EA /* Sources */,
				A873D801268B69A3005457EA /* Frameworks */,
				A873D802268B69A3005457EA /* Resources */,
			);
			buildRules = (
			);
			dependencies = (
				A873D806268B69A3005457EA /* PBXTargetDependency */,
			);
			name = todolistUITests;
			productName = todolistUITests;
			productReference = A873D804268B69A3005457EA /* todolistUITests.xctest */;
			productType = "com.apple.product-type.bundle.ui-testing";
		};
/* End PBXNativeTarget section */

/* Begin PBXProject section */
		A873D7D8268B69A3005457EA /* Project object */ = {
			isa = PBXProject;
			attributes = {
				LastSwiftUpdateCheck = 1250;
				LastUpgradeCheck = 1250;
				TargetAttributes = {
					A873D7DF268B69A3005457EA = {
						CreatedOnToolsVersion = 12.5;
					};
					A873D7F8268B69A3005457EA = {
						CreatedOnToolsVersion = 12.5;
						TestTargetID = A873D7DF268B69A3005457EA;
					};
					A873D803268B69A3005457EA = {
						CreatedOnToolsVersion = 12.5;
						TestTargetID = A873D7DF268B69A3005457EA;
					};
				};
			};
			buildConfigurationList = A873D7DB268B69A3005457EA /* Build configuration list for PBXProject "todolist" */;
			compatibilityVersion = "Xcode 9.3";
			developmentRegion = en;
			hasScannedForEncodings = 0;
			knownRegions = (
				en,
				Base,
			);
			mainGroup = A873D7D7268B69A3005457EA;
			productRefGroup = A873D7E1268B69A3005457EA /* Products */;
			projectDirPath = "";
			projectRoot = "";
			targets = (
				A873D7DF268B69A3005457EA /* todolist */,
				A873D7F8268B69A3005457EA /* todolistTests */,
				A873D803268B69A3005457EA /* todolistUITests */,
			);
		};
/* End PBXProject section */

/* Begin PBXResourcesBuildPhase section */
		A873D7DE268B69A3005457EA /* Resources */ = {
			isa = PBXResourcesBuildPhase;
			buildActionMask = 2147483647;
			files = (
				A873D7F3268B69A3005457EA /* LaunchScreen.storyboard in Resources */,
				A873D7F0268B69A3005457EA /* Assets.xcassets in Resources */,
				A873D7EB268B69A3005457EA /* Main.storyboard in Resources */,
			);
			runOnlyForDeploymentPostprocessing = 0;
		};
		A873D7F7268B69A3005457EA /* Resources */ = {
			isa = PBXResourcesBuildPhase;
			buildActionMask = 2147483647;
			files = (
			);
			runOnlyForDeploymentPostprocessing = 0;
		};
		A873D802268B69A3005457EA /* Resources */ = {
			isa = PBXResourcesBuildPhase;
			buildActionMask = 2147483647;
			files = (
			);
			runOnlyForDeploymentPostprocessing = 0;
		};
/* End PBXResourcesBuildPhase section */

/* Begin PBXSourcesBuildPhase section */
		A873D7DC268B69A3005457EA /* Sources */ = {
			isa = PBXSourcesBuildPhase;
			buildActionMask = 2147483647;
			files = (
				A873D7E4268B69A3005457EA /* AppDelegate.swift in Sources */,
				A873D7E6268B69A3005457EA /* SceneDelegate.swift in Sources */,
				A873D7EE268B69A3005457EA /* todolist.xcdatamodeld in Sources */,
			);
			runOnlyForDeploymentPostprocessing = 0;
		};
		A873D7F5268B69A3005457EA /* Sources */ = {
			isa = PBXSourcesBuildPhase;
			buildActionMask = 2147483647;
			files = (
				A873D7FE268B69A3005457EA /* todolistTests.swift in Sources */,
			);
			runOnlyForDeploymentPostprocessing = 0;
		};
		A873D800268B69A3005457EA /* Sources */ = {
			isa = PBXSourcesBuildPhase;
			buildActionMask = 2147483647;
			files = (
				A873D809268B69A3005457EA /* todolistUITests.swift in Sources */,
			);
			runOnlyForDeploymentPostprocessing = 0;
		};
/* End PBXSourcesBuildPhase section */

/* Begin PBXTargetDependency section */
		A873D7FB268B69A3005457EA /* PBXTargetDependency */ = {
			isa = PBXTargetDependency;
			target = A873D7DF268B69A3005457EA /* todolist */;
			targetProxy = A873D7FA268B69A3005457EA /* PBXContainerItemProxy */;
		};
		A873D806268B69A3005457EA /* PBXTargetDependency */ = {
			isa = PBXTargetDependency;
			target = A873D7DF268B69A3005457EA /* todolist */;
			targetProxy = A873D805268B69A3005457EA /* PBXContainerItemProxy */;
		};
/* End PBXTargetDependency section */

/* Begin PBXVariantGroup section */
		A873D7E9268B69A3005457EA /* Main.storyboard */ = {
			isa = PBXVariantGroup;
			children = (
				A873D7EA268B69A3005457EA /* Base */,
			);
			name = Main.storyboard;
			sourceTree = "<group>";
		};
		A873D7F1268B69A3005457EA /* LaunchScreen.storyboard */ = {
			isa = PBXVariantGroup;
			children = (
				A873D7F2268B69A3005457EA /* Base */,
			);
			name = LaunchScreen.storyboard;
			sourceTree = "<group>";
		};
/* End PBXVariantGroup section */

/* Begin XCBuildConfiguration section */
		A873D80B268B69A3005457EA /* Debug */ = {
			isa = XCBuildConfiguration;
			buildSettings = {
				ALWAYS_SEARCH_USER_PATHS = NO;
				CLANG_ANALYZER_NONNULL = YES;
				CLANG_ANALYZER_NUMBER_OBJECT_CONVERSION = YES_AGGRESSIVE;
				CLANG_CXX_LANGUAGE_STANDARD = "gnu++14";
				CLANG_CXX_LIBRARY = "libc++";
				CLANG_ENABLE_MODULES = YES;
				CLANG_ENABLE_OBJC_ARC = YES;
				CLANG_ENABLE_OBJC_WEAK = YES;
				CLANG_WARN_BLOCK_CAPTURE_AUTORELEASING = YES;
				CLANG_WARN_BOOL_CONVERSION = YES;
				CLANG_WARN_COMMA = YES;
				CLANG_WARN_CONSTANT_CONVERSION = YES;
				CLANG_WARN_DEPRECATED_OBJC_IMPLEMENTATIONS = YES;
				CLANG_WARN_DIRECT_OBJC_ISA_USAGE = YES_ERROR;
				CLANG_WARN_DOCUMENTATION_COMMENTS = YES;
				CLANG_WARN_EMPTY_BODY = YES;
				CLANG_WARN_ENUM_CONVERSION = YES;
				CLANG_WARN_INFINITE_RECURSION = YES;
				CLANG_WARN_INT_CONVERSION = YES;
				CLANG_WARN_NON_LITERAL_NULL_CONVERSION = YES;
				CLANG_WARN_OBJC_IMPLICIT_RETAIN_SELF = YES;
				CLANG_WARN_OBJC_LITERAL_CONVERSION = YES;
				CLANG_WARN_OBJC_ROOT_CLASS = YES_ERROR;
				CLANG_WARN_QUOTED_INCLUDE_IN_FRAMEWORK_HEADER = YES;
				CLANG_WARN_RANGE_LOOP_ANALYSIS = YES;
				CLANG_WARN_STRICT_PROTOTYPES = YES;
				CLANG_WARN_SUSPICIOUS_MOVE = YES;
				CLANG_WARN_UNGUARDED_AVAILABILITY = YES_AGGRESSIVE;
				CLANG_WARN_UNREACHABLE_CODE = YES;
				CLANG_WARN__DUPLICATE_METHOD_MATCH = YES;
				COPY_PHASE_STRIP = NO;
				DEBUG_INFORMATION_FORMAT = dwarf;
				ENABLE_STRICT_OBJC_MSGSEND = YES;
				ENABLE_TESTABILITY = YES;
				GCC_C_LANGUAGE_STANDARD = gnu11;
				GCC_DYNAMIC_NO_PIC = NO;
				GCC_NO_COMMON_BLOCKS = YES;
				GCC_OPTIMIZATION_LEVEL = 0;
				GCC_PREPROCESSOR_DEFINITIONS = (
					"DEBUG=1",
					"$(inherited)",
				);
				GCC_WARN_64_TO_32_BIT_CONVERSION = YES;
				GCC_WARN_ABOUT_RETURN_TYPE = YES_ERROR;
				GCC_WARN_UNDECLARED_SELECTOR = YES;
				GCC_WARN_UNINITIALIZED_AUTOS = YES_AGGRESSIVE;
				GCC_WARN_UNUSED_FUNCTION = YES;
				GCC_WARN_UNUSED_VARIABLE = YES;
				IPHONEOS_DEPLOYMENT_TARGET = 14.5;
				MTL_ENABLE_DEBUG_INFO = INCLUDE_SOURCE;
				MTL_FAST_MATH = YES;
				ONLY_ACTIVE_ARCH = YES;
				SDKROOT = iphoneos;
				SWIFT_ACTIVE_COMPILATION_CONDITIONS = DEBUG;
				SWIFT_OPTIMIZATION_LEVEL = "-Onone";
			};
			name = Debug;
		};
		A873D80C268B69A3005457EA /* Release */ = {
			isa = XCBuildConfiguration;
			buildSettings = {
				ALWAYS_SEARCH_USER_PATHS = NO;
				CLANG_ANALYZER_NONNULL = YES;
				CLANG_ANALYZER_NUMBER_OBJECT_CONVERSION = YES_AGGRESSIVE;
				CLANG_CXX_LANGUAGE_STANDARD = "gnu++14";
				CLANG_CXX_LIBRARY = "libc++";
				CLANG_ENABLE_MODULES = YES;
				CLANG_ENABLE_OBJC_ARC = YES;
				CLANG_ENABLE_OBJC_WEAK = YES;
				CLANG_WARN_BLOCK_CAPTURE_AUTORELEASING = YES;
				CLANG_WARN_BOOL_CONVERSION = YES;
				CLANG_WARN_COMMA = YES;
				CLANG_WARN_CONSTANT_CONVERSION = YES;
				CLANG_WARN_DEPRECATED_OBJC_IMPLEMENTATIONS = YES;
				CLANG_WARN_DIRECT_OBJC_ISA_USAGE = YES_ERROR;
				CLANG_WARN_DOCUMENTATION_COMMENTS = YES;
				CLANG_WARN_EMPTY_BODY = YES;
				CLANG_WARN_ENUM_CONVERSION = YES;
				CLANG_WARN_INFINITE_RECURSION = YES;
				CLANG_WARN_INT_CONVERSION = YES;
				CLANG_WARN_NON_LITERAL_NULL_CONVERSION = YES;
				CLANG_WARN_OBJC_IMPLICIT_RETAIN_SELF = YES;
				CLANG_WARN_OBJC_LITERAL_CONVERSION = YES;
				CLANG_WARN_OBJC_ROOT_CLASS = YES_ERROR;
				CLANG_WARN_QUOTED_INCLUDE_IN_FRAMEWORK_HEADER = YES;
				CLANG_WARN_RANGE_LOOP_ANALYSIS = YES;
				CLANG_WARN_STRICT_PROTOTYPES = YES;
				CLANG_WARN_SUSPICIOUS_MOVE = YES;
				CLANG_WARN_UNGUARDED_AVAILABILITY = YES_AGGRESSIVE;
				CLANG_WARN_UNREACHABLE_CODE = YES;
				CLANG_WARN__DUPLICATE_METHOD_MATCH = YES;
				COPY_PHASE_STRIP = NO;
				DEBUG_INFORMATION_FORMAT = "dwarf-with-dsym";
				ENABLE_NS_ASSERTIONS = NO;
				ENABLE_STRICT_OBJC_MSGSEND = YES;
				GCC_C_LANGUAGE_STANDARD = gnu11;
				GCC_NO_COMMON_BLOCKS = YES;
				GCC_WARN_64_TO_32_BIT_CONVERSION = YES;
				GCC_WARN_ABOUT_RETURN_TYPE = YES_ERROR;
				GCC_WARN_UNDECLARED_SELECTOR = YES;
				GCC_WARN_UNINITIALIZED_AUTOS = YES_AGGRESSIVE;
				GCC_WARN_UNUSED_FUNCTION = YES;
				GCC_WARN_UNUSED_VARIABLE = YES;
				IPHONEOS_DEPLOYMENT_TARGET = 14.5;
				MTL_ENABLE_DEBUG_INFO = NO;
				MTL_FAST_MATH = YES;
				SDKROOT = iphoneos;
				SWIFT_COMPILATION_MODE = wholemodule;
				SWIFT_OPTIMIZATION_LEVEL = "-O";
				VALIDATE_PRODUCT = YES;
			};
			name = Release;
		};
		A873D80E268B69A3005457EA /* Debug */ = {
			isa = XCBuildConfiguration;
			buildSettings = {
				ASSETCATALOG_COMPILER_APPICON_NAME = AppIcon;
				ASSETCATALOG_COMPILER_GLOBAL_ACCENT_COLOR_NAME = AccentColor;
				CODE_SIGN_STYLE = Automatic;
				INFOPLIST_FILE = todolist/Info.plist;
				LD_RUNPATH_SEARCH_PATHS = (
					"$(inherited)",
					"@executable_path/Frameworks",
				);
				PRODUCT_BUNDLE_IDENTIFIER = lcruzh.todolist;
				PRODUCT_NAME = "$(TARGET_NAME)";
				SWIFT_VERSION = 5.0;
				TARGETED_DEVICE_FAMILY = "1,2";
			};
			name = Debug;
		};
		A873D80F268B69A3005457EA /* Release */ = {
			isa = XCBuildConfiguration;
			buildSettings = {
				ASSETCATALOG_COMPILER_APPICON_NAME = AppIcon;
				ASSETCATALOG_COMPILER_GLOBAL_ACCENT_COLOR_NAME = AccentColor;
				CODE_SIGN_STYLE = Automatic;
				INFOPLIST_FILE = todolist/Info.plist;
				LD_RUNPATH_SEARCH_PATHS = (
					"$(inherited)",
					"@executable_path/Frameworks",
				);
				PRODUCT_BUNDLE_IDENTIFIER = lcruzh.todolist;
				PRODUCT_NAME = "$(TARGET_NAME)";
				SWIFT_VERSION = 5.0;
				TARGETED_DEVICE_FAMILY = "1,2";
			};
			name = Release;
		};
		A873D811268B69A3005457EA /* Debug */ = {
			isa = XCBuildConfiguration;
			buildSettings = {
				ALWAYS_EMBED_SWIFT_STANDARD_LIBRARIES = YES;
				BUNDLE_LOADER = "$(TEST_HOST)";
				CODE_SIGN_STYLE = Automatic;
				INFOPLIST_FILE = todolistTests/Info.plist;
				IPHONEOS_DEPLOYMENT_TARGET = 14.5;
				LD_RUNPATH_SEARCH_PATHS = (
					"$(inherited)",
					"@executable_path/Frameworks",
					"@loader_path/Frameworks",
				);
				PRODUCT_BUNDLE_IDENTIFIER = lcruzh.todolistTests;
				PRODUCT_NAME = "$(TARGET_NAME)";
				SWIFT_VERSION = 5.0;
				TARGETED_DEVICE_FAMILY = "1,2";
				TEST_HOST = "$(BUILT_PRODUCTS_DIR)/todolist.app/todolist";
			};
			name = Debug;
		};
		A873D812268B69A3005457EA /* Release */ = {
			isa = XCBuildConfiguration;
			buildSettings = {
				ALWAYS_EMBED_SWIFT_STANDARD_LIBRARIES = YES;
				BUNDLE_LOADER = "$(TEST_HOST)";
				CODE_SIGN_STYLE = Automatic;
				INFOPLIST_FILE = todolistTests/Info.plist;
				IPHONEOS_DEPLOYMENT_TARGET = 14.5;
				LD_RUNPATH_SEARCH_PATHS = (
					"$(inherited)",
					"@executable_path/Frameworks",
					"@loader_path/Frameworks",
				);
				PRODUCT_BUNDLE_IDENTIFIER = lcruzh.todolistTests;
				PRODUCT_NAME = "$(TARGET_NAME)";
				SWIFT_VERSION = 5.0;
				TARGETED_DEVICE_FAMILY = "1,2";
				TEST_HOST = "$(BUILT_PRODUCTS_DIR)/todolist.app/todolist";
			};
			name = Release;
		};
		A873D814268B69A3005457EA /* Debug */ = {
			isa = XCBuildConfiguration;
			buildSettings = {
				ALWAYS_EMBED_SWIFT_STANDARD_LIBRARIES = YES;
				CODE_SIGN_STYLE = Automatic;
				INFOPLIST_FILE = todolistUITests/Info.plist;
				LD_RUNPATH_SEARCH_PATHS = (
					"$(inherited)",
					"@executable_path/Frameworks",
					"@loader_path/Frameworks",
				);
				PRODUCT_BUNDLE_IDENTIFIER = lcruzh.todolistUITests;
				PRODUCT_NAME = "$(TARGET_NAME)";
				SWIFT_VERSION = 5.0;
				TARGETED_DEVICE_FAMILY = "1,2";
				TEST_TARGET_NAME = todolist;
			};
			name = Debug;
		};
		A873D815268B69A3005457EA /* Release */ = {
			isa = XCBuildConfiguration;
			buildSettings = {
				ALWAYS_EMBED_SWIFT_STANDARD_LIBRARIES = YES;
				CODE_SIGN_STYLE = Automatic;
				INFOPLIST_FILE = todolistUITests/Info.plist;
				LD_RUNPATH_SEARCH_PATHS = (
					"$(inherited)",
					"@executable_path/Frameworks",
					"@loader_path/Frameworks",
				);
				PRODUCT_BUNDLE_IDENTIFIER = lcruzh.todolistUITests;
				PRODUCT_NAME = "$(TARGET_NAME)";
				SWIFT_VERSION = 5.0;
				TARGETED_DEVICE_FAMILY = "1,2";
				TEST_TARGET_NAME = todolist;
			};
			name = Release;
		};
/* End XCBuildConfiguration section */

/* Begin XCConfigurationList section */
		A873D7DB268B69A3005457EA /* Build configuration list for PBXProject "todolist" */ = {
			isa = XCConfigurationList;
			buildConfigurations = (
				A873D80B268B69A3005457EA /* Debug */,
				A873D80C268B69A3005457EA /* Release */,
			);
			defaultConfigurationIsVisible = 0;
			defaultConfigurationName = Release;
		};
		A873D80D268B69A3005457EA /* Build configuration list for PBXNativeTarget "todolist" */ = {
			isa = XCConfigurationList;
			buildConfigurations = (
				A873D80E268B69A3005457EA /* Debug */,
				A873D80F268B69A3005457EA /* Release */,
			);
			defaultConfigurationIsVisible = 0;
			defaultConfigurationName = Release;
		};
		A873D810268B69A3005457EA /* Build configuration list for PBXNativeTarget "todolistTests" */ = {
			isa = XCConfigurationList;
			buildConfigurations = (
				A873D811268B69A3005457EA /* Debug */,
				A873D812268B69A3005457EA /* Release */,
			);
			defaultConfigurationIsVisible = 0;
			defaultConfigurationName = Release;
		};
		A873D813268B69A3005457EA /* Build configuration list for PBXNativeTarget "todolistUITests" */ = {
			isa = XCConfigurationList;
			buildConfigurations = (
				A873D814268B69A3005457EA /* Debug */,
				A873D815268B69A3005457EA /* Release */,
			);
			defaultConfigurationIsVisible = 0;
			defaultConfigurationName = Release;
		};
/* End XCConfigurationList section */

/* Begin XCVersionGroup section */
		A873D7EC268B69A3005457EA /* todolist.xcdatamodeld */ = {
			isa = XCVersionGroup;
			children = (
				A873D7ED268B69A3005457EA /* todolist.xcdatamodel */,
			);
			currentVersion = A873D7ED268B69A3005457EA /* todolist.xcdatamodel */;
			path = todolist.xcdatamodeld;
			sourceTree = "<group>";
			versionGroupType = wrapper.xcdatamodel;
		};
/* End XCVersionGroup section */
	};
	rootObject = A873D7D8268B69A3005457EA /* Project object */;
}
